PODS:
  - Alamofire (5.6.2)
  - CountryPickerView (3.2.0)

DEPENDENCIES:
  - Alamofire
  - CountryPickerView (~> 3.2.0)

SPEC REPOS:
  trunk:
    - Alamofire
    - CountryPickerView

SPEC CHECKSUMS:
  Alamofire: d368e1ff8a298e6dde360e35a3e68e6c610e7204
  CountryPickerView: 9b093bfffb4b06a69ba6185a798cadbf863720e7

PODFILE CHECKSUM: 5ae321dae6fb327a6d6ac28b66938f1320e88f6e

COCOAPODS: 1.11.2
