// !$*UTF8*$!
{
	archiveVersion = 1;
	classes = {
	};
	objectVersion = 55;
	objects = {

/* Begin PBXBuildFile section */
		7B2B70397D46F399273E97AF /* Pods_MammothTag_MammothTagUITests.framework in Frameworks */ = {isa = PBXBuildFile; fileRef = FA893F554257083711F51B3A /* Pods_MammothTag_MammothTagUITests.framework */; };
		7FD28A811FD79095284AFF70 /* Pods_MammothTagTests.framework in Frameworks */ = {isa = PBXBuildFile; fileRef = 6958C0EE95AA9A0DFDAF23D0 /* Pods_MammothTagTests.framework */; };
		A60305F228A31F000028F085 /* TermsAndConditionViewController.swift in Sources */ = {isa = PBXBuildFile; fileRef = A60305F128A31F000028F085 /* TermsAndConditionViewController.swift */; };
		A60305F428A327190028F085 /* TermsAndConditionViewModel.swift in Sources */ = {isa = PBXBuildFile; fileRef = A60305F328A327190028F085 /* TermsAndConditionViewModel.swift */; };
		A60B312F28A033800037F0B3 /* SignInController.swift in Sources */ = {isa = PBXBuildFile; fileRef = A60B312E28A033800037F0B3 /* SignInController.swift */; };
		A60B313228A173D20037F0B3 /* UIViewExtension.swift in Sources */ = {isa = PBXBuildFile; fileRef = A60B313128A173D20037F0B3 /* UIViewExtension.swift */; };
		A60B313528A175D70037F0B3 /* GradientView.swift in Sources */ = {isa = PBXBuildFile; fileRef = A60B313428A175D70037F0B3 /* GradientView.swift */; };
		A6138D5328BAB26900DA71F9 /* CardServerResponseModel.swift in Sources */ = {isa = PBXBuildFile; fileRef = A6138D5228BAB26900DA71F9 /* CardServerResponseModel.swift */; };
		A627DAAB28A02F2100F0D54E /* Authentification.storyboard in Resources */ = {isa = PBXBuildFile; fileRef = A627DAAA28A02F2100F0D54E /* Authentification.storyboard */; };
		A62B1BDE28AA902300948860 /* MoreVC.swift in Sources */ = {isa = PBXBuildFile; fileRef = A62B1BDD28AA902300948860 /* MoreVC.swift */; };
		A62B1BE028AA903800948860 /* MoreVC.xib in Resources */ = {isa = PBXBuildFile; fileRef = A62B1BDF28AA903800948860 /* MoreVC.xib */; };
		A62B1BE328AA9E2B00948860 /* AddNewCardVc.xib in Resources */ = {isa = PBXBuildFile; fileRef = A62B1BE228AA9E2B00948860 /* AddNewCardVc.xib */; };
		A62B1BE528AA9E3300948860 /* AddNewCardVc.swift in Sources */ = {isa = PBXBuildFile; fileRef = A62B1BE428AA9E3300948860 /* AddNewCardVc.swift */; };
		A640DE4128B6B105004EDB9B /* UpdateProfileViewController.swift in Sources */ = {isa = PBXBuildFile; fileRef = A640DE4028B6B105004EDB9B /* UpdateProfileViewController.swift */; };
		A648400C28A190BD000D040D /* CustomTextField.swift in Sources */ = {isa = PBXBuildFile; fileRef = A648400B28A190BD000D040D /* CustomTextField.swift */; };
		A648691328AEC9AF00C059C9 /* URLRequestEnum.swift in Sources */ = {isa = PBXBuildFile; fileRef = A648691228AEC9AF00C059C9 /* URLRequestEnum.swift */; };
		A6511F2228BBEC41003DF731 /* SocialMediaVC.xib in Resources */ = {isa = PBXBuildFile; fileRef = A6511F2128BBEC41003DF731 /* SocialMediaVC.xib */; };
		A6511F2428BBEC49003DF731 /* SocialMediaVC.swift in Sources */ = {isa = PBXBuildFile; fileRef = A6511F2328BBEC49003DF731 /* SocialMediaVC.swift */; };
		A6511F2628BBED06003DF731 /* SocialMediaCollectionCell.xib in Resources */ = {isa = PBXBuildFile; fileRef = A6511F2528BBED06003DF731 /* SocialMediaCollectionCell.xib */; };
		A6511F2828BBED15003DF731 /* SocialMediaCollectionCell.swift in Sources */ = {isa = PBXBuildFile; fileRef = A6511F2728BBED15003DF731 /* SocialMediaCollectionCell.swift */; };
		A6511F2A28BBF6F4003DF731 /* SocialMediaModel.swift in Sources */ = {isa = PBXBuildFile; fileRef = A6511F2928BBF6F4003DF731 /* SocialMediaModel.swift */; };
		A6511F2D28BBFE06003DF731 /* Constant.swift in Sources */ = {isa = PBXBuildFile; fileRef = A6511F2C28BBFE06003DF731 /* Constant.swift */; };
		A688ED0528AFAD210010AE54 /* DateExtension.swift in Sources */ = {isa = PBXBuildFile; fileRef = A688ED0428AFAD210010AE54 /* DateExtension.swift */; };
		A688ED0928AFEFF00010AE54 /* CardService.swift in Sources */ = {isa = PBXBuildFile; fileRef = A688ED0828AFEFF00010AE54 /* CardService.swift */; };
		A688ED0B28AFF1410010AE54 /* CardModel.swift in Sources */ = {isa = PBXBuildFile; fileRef = A688ED0A28AFF1410010AE54 /* CardModel.swift */; };
		A688ED0D28AFF1810010AE54 /* ServerResponseModel.swift in Sources */ = {isa = PBXBuildFile; fileRef = A688ED0C28AFF1810010AE54 /* ServerResponseModel.swift */; };
		A688ED0F28AFF2310010AE54 /* ProfileModel.swift in Sources */ = {isa = PBXBuildFile; fileRef = A688ED0E28AFF2310010AE54 /* ProfileModel.swift */; };
		A68F76A828B44DA80051E0D4 /* SourceControllerEnum.swift in Sources */ = {isa = PBXBuildFile; fileRef = A68F76A728B44DA80051E0D4 /* SourceControllerEnum.swift */; };
		A6979E9F28A3D63C008C2B60 /* StringExtension.swift in Sources */ = {isa = PBXBuildFile; fileRef = A6979E9E28A3D63C008C2B60 /* StringExtension.swift */; };
		A6979EA428A3DE92008C2B60 /* Localizable.strings in Resources */ = {isa = PBXBuildFile; fileRef = A6979EA228A3DE92008C2B60 /* Localizable.strings */; };
		A6979EAF28A3F5AD008C2B60 /* AppSettings.swift in Sources */ = {isa = PBXBuildFile; fileRef = A6979EAE28A3F5AD008C2B60 /* AppSettings.swift */; };
		A6979EB128A413DE008C2B60 /* RegisterModel.swift in Sources */ = {isa = PBXBuildFile; fileRef = A6979EB028A413DE008C2B60 /* RegisterModel.swift */; };
		A6979EB328A46190008C2B60 /* RegisterViewControllerImagePicker.swift in Sources */ = {isa = PBXBuildFile; fileRef = A6979EB228A46190008C2B60 /* RegisterViewControllerImagePicker.swift */; };
		A6979EB628A474C7008C2B60 /* ContactTableViewCell.xib in Resources */ = {isa = PBXBuildFile; fileRef = A6979EB528A474C7008C2B60 /* ContactTableViewCell.xib */; };
		A6979EB828A474DD008C2B60 /* ContactTableViewCell.swift in Sources */ = {isa = PBXBuildFile; fileRef = A6979EB728A474DD008C2B60 /* ContactTableViewCell.swift */; };
		A69B199828A52DA700BE92F1 /* MainTabbarViewController.swift in Sources */ = {isa = PBXBuildFile; fileRef = A69B199728A52DA700BE92F1 /* MainTabbarViewController.swift */; };
		A69B199A28A5303E00BE92F1 /* TabItem.swift in Sources */ = {isa = PBXBuildFile; fileRef = A69B199928A5303E00BE92F1 /* TabItem.swift */; };
		A69B199C28A5304B00BE92F1 /* TabNavigationMenu.swift in Sources */ = {isa = PBXBuildFile; fileRef = A69B199B28A5304B00BE92F1 /* TabNavigationMenu.swift */; };
		A69B199F28A53A6600BE92F1 /* CustomTabbarView.swift in Sources */ = {isa = PBXBuildFile; fileRef = A69B199E28A53A6600BE92F1 /* CustomTabbarView.swift */; };
		A69B19A128A53A8D00BE92F1 /* CustomTabbarView.xib in Resources */ = {isa = PBXBuildFile; fileRef = A69B19A028A53A8D00BE92F1 /* CustomTabbarView.xib */; };
		A6A6959728A6B8870025A3B2 /* AccountManager.swift in Sources */ = {isa = PBXBuildFile; fileRef = A6A6959628A6B8870025A3B2 /* AccountManager.swift */; };
		A6A6959928A6BDB90025A3B2 /* UIViewControllerExtension.swift in Sources */ = {isa = PBXBuildFile; fileRef = A6A6959828A6BDB90025A3B2 /* UIViewControllerExtension.swift */; };
		A6A6959C28A6E6810025A3B2 /* UpdateProfileModeVC.xib in Resources */ = {isa = PBXBuildFile; fileRef = A6A6959B28A6E6810025A3B2 /* UpdateProfileModeVC.xib */; };
		A6A6959E28A6E69B0025A3B2 /* UpdateProfileModeVC.swift in Sources */ = {isa = PBXBuildFile; fileRef = A6A6959D28A6E69A0025A3B2 /* UpdateProfileModeVC.swift */; };
		A6B4D85C28A7225800E73ACD /* HomeViewModel.swift in Sources */ = {isa = PBXBuildFile; fileRef = A6B4D85B28A7225800E73ACD /* HomeViewModel.swift */; };
		A6B72E9028B2646C00D69D8E /* UpdatePasswordController.swift in Sources */ = {isa = PBXBuildFile; fileRef = A6B72E8F28B2646C00D69D8E /* UpdatePasswordController.swift */; };
		A6B7360128A17AAC00C09A3C /* UIColor.swift in Sources */ = {isa = PBXBuildFile; fileRef = A6B7360028A17AAC00C09A3C /* UIColor.swift */; };
		A6B8C9D228A7087B0003C408 /* ScanNFCVC.xib in Resources */ = {isa = PBXBuildFile; fileRef = A6B8C9D128A7087B0003C408 /* ScanNFCVC.xib */; };
		A6B8C9D628A7088E0003C408 /* ScanNFCVC.swift in Sources */ = {isa = PBXBuildFile; fileRef = A6B8C9D528A7088E0003C408 /* ScanNFCVC.swift */; };
		A6C0CE5128A4804A00084D86 /* Lato-Medium.ttf in Resources */ = {isa = PBXBuildFile; fileRef = A6C0CE4C28A4804900084D86 /* Lato-Medium.ttf */; };
		A6C0CE5228A4804A00084D86 /* Lato-Regular.ttf in Resources */ = {isa = PBXBuildFile; fileRef = A6C0CE4D28A4804A00084D86 /* Lato-Regular.ttf */; };
		A6C0CE5428A4804A00084D86 /* Lato-Semibold.ttf in Resources */ = {isa = PBXBuildFile; fileRef = A6C0CE4F28A4804A00084D86 /* Lato-Semibold.ttf */; };
		A6C0CE5528A4804A00084D86 /* Lato-Bold.ttf in Resources */ = {isa = PBXBuildFile; fileRef = A6C0CE5028A4804A00084D86 /* Lato-Bold.ttf */; };
		A6C0CE5628A4828100084D86 /* Lato-Black.ttf in Resources */ = {isa = PBXBuildFile; fileRef = A6C0CE4E28A4804A00084D86 /* Lato-Black.ttf */; };
		A6C79C1B28A5584500229739 /* UIDeviceExtension.swift in Sources */ = {isa = PBXBuildFile; fileRef = A6C79C1A28A5584500229739 /* UIDeviceExtension.swift */; };
		A6C79C1E28A55B0000229739 /* CustomSegmentControlView.swift in Sources */ = {isa = PBXBuildFile; fileRef = A6C79C1D28A55B0000229739 /* CustomSegmentControlView.swift */; };
		A6C79C2028A55B1F00229739 /* CustomSegmentControlView.xib in Resources */ = {isa = PBXBuildFile; fileRef = A6C79C1F28A55B1F00229739 /* CustomSegmentControlView.xib */; };
		A6C8494928A4897C00CF7E61 /* ContactListViewController.swift in Sources */ = {isa = PBXBuildFile; fileRef = A6C8494828A4897C00CF7E61 /* ContactListViewController.swift */; };
		A6C8494C28A48F3300CF7E61 /* ContactListViewModel.swift in Sources */ = {isa = PBXBuildFile; fileRef = A6C8494B28A48F3300CF7E61 /* ContactListViewModel.swift */; };
		A6C8494F28A4903D00CF7E61 /* SeettingsTableViewCell.xib in Resources */ = {isa = PBXBuildFile; fileRef = A6C8494E28A4903D00CF7E61 /* SeettingsTableViewCell.xib */; };
		A6C8495128A4904C00CF7E61 /* SeettingsTableViewCell.swift in Sources */ = {isa = PBXBuildFile; fileRef = A6C8495028A4904C00CF7E61 /* SeettingsTableViewCell.swift */; };
		A6C8495428A491A700CF7E61 /* SettingsViewController.swift in Sources */ = {isa = PBXBuildFile; fileRef = A6C8495328A491A700CF7E61 /* SettingsViewController.swift */; };
		A6D2D7F028B274EC00DDF2A1 /* UpdatePasswordViewModel.swift in Sources */ = {isa = PBXBuildFile; fileRef = A6D2D7EF28B274EC00DDF2A1 /* UpdatePasswordViewModel.swift */; };
		A6D2D7F228B284E900DDF2A1 /* SettingsModel.swift in Sources */ = {isa = PBXBuildFile; fileRef = A6D2D7F128B284E900DDF2A1 /* SettingsModel.swift */; };
		A6D2D7F428B286F600DDF2A1 /* ForgotPasswordModel.swift in Sources */ = {isa = PBXBuildFile; fileRef = A6D2D7F328B286F600DDF2A1 /* ForgotPasswordModel.swift */; };
		A6D2D7F728B2981400DDF2A1 /* ChangeForgotPassword.swift in Sources */ = {isa = PBXBuildFile; fileRef = A6D2D7F628B2981400DDF2A1 /* ChangeForgotPassword.swift */; };
		A6D2D7F928B2A23500DDF2A1 /* ChangeForgotPasswordViewModel.swift in Sources */ = {isa = PBXBuildFile; fileRef = A6D2D7F828B2A23500DDF2A1 /* ChangeForgotPasswordViewModel.swift */; };
		A6D6F27D28A1C6C600AD3C9C /* DynamicType.swift in Sources */ = {isa = PBXBuildFile; fileRef = A6D6F27C28A1C6C600AD3C9C /* DynamicType.swift */; };
		A6D6F27F28A1C7AB00AD3C9C /* SignInViewModel.swift in Sources */ = {isa = PBXBuildFile; fileRef = A6D6F27E28A1C7AB00AD3C9C /* SignInViewModel.swift */; };
		A6D6F28128A1C80700AD3C9C /* Validator.swift in Sources */ = {isa = PBXBuildFile; fileRef = A6D6F28028A1C80700AD3C9C /* Validator.swift */; };
		A6D6F28428A1CCBF00AD3C9C /* SignInModels.swift in Sources */ = {isa = PBXBuildFile; fileRef = A6D6F28328A1CCBF00AD3C9C /* SignInModels.swift */; };
		A6D6F28728A1CFEA00AD3C9C /* AuthenticationService.swift in Sources */ = {isa = PBXBuildFile; fileRef = A6D6F28628A1CFEA00AD3C9C /* AuthenticationService.swift */; };
		A6DD487A28A275C600747B01 /* ForgotPasswordController.swift in Sources */ = {isa = PBXBuildFile; fileRef = A6DD487928A275C600747B01 /* ForgotPasswordController.swift */; };
		A6DD487C28A27D5E00747B01 /* AppRouterManager.swift in Sources */ = {isa = PBXBuildFile; fileRef = A6DD487B28A27D5E00747B01 /* AppRouterManager.swift */; };
		A6DD487E28A2802E00747B01 /* ForgotPassWordViewModel.swift in Sources */ = {isa = PBXBuildFile; fileRef = A6DD487D28A2802E00747B01 /* ForgotPassWordViewModel.swift */; };
		A6DD488128A2945500747B01 /* RegisterViewConntroller.swift in Sources */ = {isa = PBXBuildFile; fileRef = A6DD488028A2945500747B01 /* RegisterViewConntroller.swift */; };
		A6DD488328A2946100747B01 /* RegisterViewModel.swift in Sources */ = {isa = PBXBuildFile; fileRef = A6DD488228A2946100747B01 /* RegisterViewModel.swift */; };
		A6E25A3928A5601B009B2D09 /* HomeViewController.swift in Sources */ = {isa = PBXBuildFile; fileRef = A6E25A3828A5601B009B2D09 /* HomeViewController.swift */; };
		A6E94DD628AEEE4B00A1D14B /* SettingsViewModel.swift in Sources */ = {isa = PBXBuildFile; fileRef = A6E94DD528AEEE4B00A1D14B /* SettingsViewModel.swift */; };
		A6E9E98528B6BCDA0074D45D /* UpdateProfileViewModel.swift in Sources */ = {isa = PBXBuildFile; fileRef = A6E9E98428B6BCDA0074D45D /* UpdateProfileViewModel.swift */; };
		A6E9E98728B6CBAE0074D45D /* CardTypeEnum.swift in Sources */ = {isa = PBXBuildFile; fileRef = A6E9E98628B6CBAE0074D45D /* CardTypeEnum.swift */; };
		A6FC614428A02A0100756C74 /* AppDelegate.swift in Sources */ = {isa = PBXBuildFile; fileRef = A6FC614328A02A0100756C74 /* AppDelegate.swift */; };
		A6FC614628A02A0100756C74 /* SceneDelegate.swift in Sources */ = {isa = PBXBuildFile; fileRef = A6FC614528A02A0100756C74 /* SceneDelegate.swift */; };
		A6FC614828A02A0100756C74 /* SpalchScreen.swift in Sources */ = {isa = PBXBuildFile; fileRef = A6FC614728A02A0100756C74 /* SpalchScreen.swift */; };
		A6FC614B28A02A0100756C74 /* Main.storyboard in Resources */ = {isa = PBXBuildFile; fileRef = A6FC614928A02A0100756C74 /* Main.storyboard */; };
		A6FC614D28A02A0300756C74 /* Assets.xcassets in Resources */ = {isa = PBXBuildFile; fileRef = A6FC614C28A02A0300756C74 /* Assets.xcassets */; };
		A6FC615028A02A0300756C74 /* LaunchScreen.storyboard in Resources */ = {isa = PBXBuildFile; fileRef = A6FC614E28A02A0300756C74 /* LaunchScreen.storyboard */; };
		A6FC615B28A02A0300756C74 /* MammothTagTests.swift in Sources */ = {isa = PBXBuildFile; fileRef = A6FC615A28A02A0300756C74 /* MammothTagTests.swift */; };
		A6FC616528A02A0300756C74 /* MammothTagUITests.swift in Sources */ = {isa = PBXBuildFile; fileRef = A6FC616428A02A0300756C74 /* MammothTagUITests.swift */; };
		A6FC616728A02A0300756C74 /* MammothTagUITestsLaunchTests.swift in Sources */ = {isa = PBXBuildFile; fileRef = A6FC616628A02A0300756C74 /* MammothTagUITestsLaunchTests.swift */; };
		DD96984181916BD0AAEFA5A1 /* Pods_MammothTag.framework in Frameworks */ = {isa = PBXBuildFile; fileRef = 8BD3ABCF54B63C149BF278F0 /* Pods_MammothTag.framework */; };
/* End PBXBuildFile section */

/* Begin PBXContainerItemProxy section */
		A6FC615728A02A0300756C74 /* PBXContainerItemProxy */ = {
			isa = PBXContainerItemProxy;
			containerPortal = A6FC613828A02A0100756C74 /* Project object */;
			proxyType = 1;
			remoteGlobalIDString = A6FC613F28A02A0100756C74;
			remoteInfo = MammothTag;
		};
		A6FC616128A02A0300756C74 /* PBXContainerItemProxy */ = {
			isa = PBXContainerItemProxy;
			containerPortal = A6FC613828A02A0100756C74 /* Project object */;
			proxyType = 1;
			remoteGlobalIDString = A6FC613F28A02A0100756C74;
			remoteInfo = MammothTag;
		};
/* End PBXContainerItemProxy section */

/* Begin PBXFileReference section */
		129818B978A2A3FF9537A71D /* Pods-MammothTag.debug.xcconfig */ = {isa = PBXFileReference; includeInIndex = 1; lastKnownFileType = text.xcconfig; name = "Pods-MammothTag.debug.xcconfig"; path = "Target Support Files/Pods-MammothTag/Pods-MammothTag.debug.xcconfig"; sourceTree = "<group>"; };
		2EFC469A172477E0EE8CFC7C /* Pods-MammothTag.release.xcconfig */ = {isa = PBXFileReference; includeInIndex = 1; lastKnownFileType = text.xcconfig; name = "Pods-MammothTag.release.xcconfig"; path = "Target Support Files/Pods-MammothTag/Pods-MammothTag.release.xcconfig"; sourceTree = "<group>"; };
		34B264BA4192CEFB5882D49A /* Pods-MammothTagTests.debug.xcconfig */ = {isa = PBXFileReference; includeInIndex = 1; lastKnownFileType = text.xcconfig; name = "Pods-MammothTagTests.debug.xcconfig"; path = "Target Support Files/Pods-MammothTagTests/Pods-MammothTagTests.debug.xcconfig"; sourceTree = "<group>"; };
		4A6F511C1421FD80267F9437 /* Pods-MammothTag-MammothTagUITests.release.xcconfig */ = {isa = PBXFileReference; includeInIndex = 1; lastKnownFileType = text.xcconfig; name = "Pods-MammothTag-MammothTagUITests.release.xcconfig"; path = "Target Support Files/Pods-MammothTag-MammothTagUITests/Pods-MammothTag-MammothTagUITests.release.xcconfig"; sourceTree = "<group>"; };
		6958C0EE95AA9A0DFDAF23D0 /* Pods_MammothTagTests.framework */ = {isa = PBXFileReference; explicitFileType = wrapper.framework; includeInIndex = 0; path = Pods_MammothTagTests.framework; sourceTree = BUILT_PRODUCTS_DIR; };
		7B8780D119D8D6016A8FE39F /* Pods-MammothTagTests.release.xcconfig */ = {isa = PBXFileReference; includeInIndex = 1; lastKnownFileType = text.xcconfig; name = "Pods-MammothTagTests.release.xcconfig"; path = "Target Support Files/Pods-MammothTagTests/Pods-MammothTagTests.release.xcconfig"; sourceTree = "<group>"; };
		8BD3ABCF54B63C149BF278F0 /* Pods_MammothTag.framework */ = {isa = PBXFileReference; explicitFileType = wrapper.framework; includeInIndex = 0; path = Pods_MammothTag.framework; sourceTree = BUILT_PRODUCTS_DIR; };
		A60305F128A31F000028F085 /* TermsAndConditionViewController.swift */ = {isa = PBXFileReference; lastKnownFileType = sourcecode.swift; path = TermsAndConditionViewController.swift; sourceTree = "<group>"; };
		A60305F328A327190028F085 /* TermsAndConditionViewModel.swift */ = {isa = PBXFileReference; lastKnownFileType = sourcecode.swift; path = TermsAndConditionViewModel.swift; sourceTree = "<group>"; };
		A60B312E28A033800037F0B3 /* SignInController.swift */ = {isa = PBXFileReference; lastKnownFileType = sourcecode.swift; path = SignInController.swift; sourceTree = "<group>"; };
		A60B313128A173D20037F0B3 /* UIViewExtension.swift */ = {isa = PBXFileReference; lastKnownFileType = sourcecode.swift; path = UIViewExtension.swift; sourceTree = "<group>"; };
		A60B313428A175D70037F0B3 /* GradientView.swift */ = {isa = PBXFileReference; lastKnownFileType = sourcecode.swift; path = GradientView.swift; sourceTree = "<group>"; };
		A6138D5228BAB26900DA71F9 /* CardServerResponseModel.swift */ = {isa = PBXFileReference; lastKnownFileType = sourcecode.swift; path = CardServerResponseModel.swift; sourceTree = "<group>"; };
		A627DAAA28A02F2100F0D54E /* Authentification.storyboard */ = {isa = PBXFileReference; lastKnownFileType = file.storyboard; path = Authentification.storyboard; sourceTree = "<group>"; };
		A62B1BDD28AA902300948860 /* MoreVC.swift */ = {isa = PBXFileReference; lastKnownFileType = sourcecode.swift; path = MoreVC.swift; sourceTree = "<group>"; };
		A62B1BDF28AA903800948860 /* MoreVC.xib */ = {isa = PBXFileReference; lastKnownFileType = file.xib; path = MoreVC.xib; sourceTree = "<group>"; };
		A62B1BE228AA9E2B00948860 /* AddNewCardVc.xib */ = {isa = PBXFileReference; lastKnownFileType = file.xib; path = AddNewCardVc.xib; sourceTree = "<group>"; };
		A62B1BE428AA9E3300948860 /* AddNewCardVc.swift */ = {isa = PBXFileReference; lastKnownFileType = sourcecode.swift; path = AddNewCardVc.swift; sourceTree = "<group>"; };
		A640DE4028B6B105004EDB9B /* UpdateProfileViewController.swift */ = {isa = PBXFileReference; lastKnownFileType = sourcecode.swift; path = UpdateProfileViewController.swift; sourceTree = "<group>"; };
		A648400B28A190BD000D040D /* CustomTextField.swift */ = {isa = PBXFileReference; lastKnownFileType = sourcecode.swift; path = CustomTextField.swift; sourceTree = "<group>"; };
		A648691228AEC9AF00C059C9 /* URLRequestEnum.swift */ = {isa = PBXFileReference; lastKnownFileType = sourcecode.swift; path = URLRequestEnum.swift; sourceTree = "<group>"; };
		A6511F2128BBEC41003DF731 /* SocialMediaVC.xib */ = {isa = PBXFileReference; lastKnownFileType = file.xib; path = SocialMediaVC.xib; sourceTree = "<group>"; };
		A6511F2328BBEC49003DF731 /* SocialMediaVC.swift */ = {isa = PBXFileReference; lastKnownFileType = sourcecode.swift; path = SocialMediaVC.swift; sourceTree = "<group>"; };
		A6511F2528BBED06003DF731 /* SocialMediaCollectionCell.xib */ = {isa = PBXFileReference; lastKnownFileType = file.xib; path = SocialMediaCollectionCell.xib; sourceTree = "<group>"; };
		A6511F2728BBED15003DF731 /* SocialMediaCollectionCell.swift */ = {isa = PBXFileReference; lastKnownFileType = sourcecode.swift; path = SocialMediaCollectionCell.swift; sourceTree = "<group>"; };
		A6511F2928BBF6F4003DF731 /* SocialMediaModel.swift */ = {isa = PBXFileReference; lastKnownFileType = sourcecode.swift; path = SocialMediaModel.swift; sourceTree = "<group>"; };
		A6511F2C28BBFE06003DF731 /* Constant.swift */ = {isa = PBXFileReference; lastKnownFileType = sourcecode.swift; path = Constant.swift; sourceTree = "<group>"; };
		A66FEEE828A47D980062D754 /* MammothTag.entitlements */ = {isa = PBXFileReference; lastKnownFileType = text.plist.entitlements; path = MammothTag.entitlements; sourceTree = "<group>"; };
		A688ED0428AFAD210010AE54 /* DateExtension.swift */ = {isa = PBXFileReference; lastKnownFileType = sourcecode.swift; path = DateExtension.swift; sourceTree = "<group>"; };
		A688ED0828AFEFF00010AE54 /* CardService.swift */ = {isa = PBXFileReference; lastKnownFileType = sourcecode.swift; path = CardService.swift; sourceTree = "<group>"; };
		A688ED0A28AFF1410010AE54 /* CardModel.swift */ = {isa = PBXFileReference; lastKnownFileType = sourcecode.swift; path = CardModel.swift; sourceTree = "<group>"; };
		A688ED0C28AFF1810010AE54 /* ServerResponseModel.swift */ = {isa = PBXFileReference; lastKnownFileType = sourcecode.swift; path = ServerResponseModel.swift; sourceTree = "<group>"; };
		A688ED0E28AFF2310010AE54 /* ProfileModel.swift */ = {isa = PBXFileReference; lastKnownFileType = sourcecode.swift; path = ProfileModel.swift; sourceTree = "<group>"; };
		A68F76A728B44DA80051E0D4 /* SourceControllerEnum.swift */ = {isa = PBXFileReference; lastKnownFileType = sourcecode.swift; path = SourceControllerEnum.swift; sourceTree = "<group>"; };
		A6979E9E28A3D63C008C2B60 /* StringExtension.swift */ = {isa = PBXFileReference; lastKnownFileType = sourcecode.swift; path = StringExtension.swift; sourceTree = "<group>"; };
		A6979EA028A3DE12008C2B60 /* ar */ = {isa = PBXFileReference; lastKnownFileType = text.plist.strings; name = ar; path = ar.lproj/Main.strings; sourceTree = "<group>"; };
		A6979EA128A3DE12008C2B60 /* ar */ = {isa = PBXFileReference; lastKnownFileType = text.plist.strings; name = ar; path = ar.lproj/LaunchScreen.strings; sourceTree = "<group>"; };
		A6979EA328A3DE92008C2B60 /* Base */ = {isa = PBXFileReference; lastKnownFileType = text.plist.strings; name = Base; path = MammothTag/Base.lproj/Localizable.strings; sourceTree = SOURCE_ROOT; };
		A6979EA528A3DEAD008C2B60 /* en */ = {isa = PBXFileReference; lastKnownFileType = text.plist.strings; name = en; path = ../en.lproj/Localizable.strings; sourceTree = "<group>"; };
		A6979EA628A3DEB0008C2B60 /* ar */ = {isa = PBXFileReference; lastKnownFileType = text.plist.strings; name = ar; path = ../ar.lproj/Localizable.strings; sourceTree = "<group>"; };
		A6979EAA28A3EE46008C2B60 /* Info.plist */ = {isa = PBXFileReference; lastKnownFileType = text.plist.xml; path = Info.plist; sourceTree = "<group>"; };
		A6979EAE28A3F5AD008C2B60 /* AppSettings.swift */ = {isa = PBXFileReference; lastKnownFileType = sourcecode.swift; path = AppSettings.swift; sourceTree = "<group>"; };
		A6979EB028A413DE008C2B60 /* RegisterModel.swift */ = {isa = PBXFileReference; lastKnownFileType = sourcecode.swift; path = RegisterModel.swift; sourceTree = "<group>"; };
		A6979EB228A46190008C2B60 /* RegisterViewControllerImagePicker.swift */ = {isa = PBXFileReference; lastKnownFileType = sourcecode.swift; path = RegisterViewControllerImagePicker.swift; sourceTree = "<group>"; };
		A6979EB528A474C7008C2B60 /* ContactTableViewCell.xib */ = {isa = PBXFileReference; lastKnownFileType = file.xib; path = ContactTableViewCell.xib; sourceTree = "<group>"; };
		A6979EB728A474DD008C2B60 /* ContactTableViewCell.swift */ = {isa = PBXFileReference; lastKnownFileType = sourcecode.swift; path = ContactTableViewCell.swift; sourceTree = "<group>"; };
		A69B199728A52DA700BE92F1 /* MainTabbarViewController.swift */ = {isa = PBXFileReference; lastKnownFileType = sourcecode.swift; path = MainTabbarViewController.swift; sourceTree = "<group>"; };
		A69B199928A5303E00BE92F1 /* TabItem.swift */ = {isa = PBXFileReference; fileEncoding = 4; lastKnownFileType = sourcecode.swift; path = TabItem.swift; sourceTree = "<group>"; };
		A69B199B28A5304B00BE92F1 /* TabNavigationMenu.swift */ = {isa = PBXFileReference; fileEncoding = 4; lastKnownFileType = sourcecode.swift; path = TabNavigationMenu.swift; sourceTree = "<group>"; };
		A69B199E28A53A6600BE92F1 /* CustomTabbarView.swift */ = {isa = PBXFileReference; lastKnownFileType = sourcecode.swift; path = CustomTabbarView.swift; sourceTree = "<group>"; };
		A69B19A028A53A8D00BE92F1 /* CustomTabbarView.xib */ = {isa = PBXFileReference; lastKnownFileType = file.xib; path = CustomTabbarView.xib; sourceTree = "<group>"; };
		A6A6959628A6B8870025A3B2 /* AccountManager.swift */ = {isa = PBXFileReference; lastKnownFileType = sourcecode.swift; path = AccountManager.swift; sourceTree = "<group>"; };
		A6A6959828A6BDB90025A3B2 /* UIViewControllerExtension.swift */ = {isa = PBXFileReference; lastKnownFileType = sourcecode.swift; path = UIViewControllerExtension.swift; sourceTree = "<group>"; };
		A6A6959B28A6E6810025A3B2 /* UpdateProfileModeVC.xib */ = {isa = PBXFileReference; lastKnownFileType = file.xib; path = UpdateProfileModeVC.xib; sourceTree = "<group>"; };
		A6A6959D28A6E69A0025A3B2 /* UpdateProfileModeVC.swift */ = {isa = PBXFileReference; lastKnownFileType = sourcecode.swift; path = UpdateProfileModeVC.swift; sourceTree = "<group>"; };
		A6B4D85B28A7225800E73ACD /* HomeViewModel.swift */ = {isa = PBXFileReference; lastKnownFileType = sourcecode.swift; path = HomeViewModel.swift; sourceTree = "<group>"; };
		A6B72E8F28B2646C00D69D8E /* UpdatePasswordController.swift */ = {isa = PBXFileReference; lastKnownFileType = sourcecode.swift; path = UpdatePasswordController.swift; sourceTree = "<group>"; };
		A6B7360028A17AAC00C09A3C /* UIColor.swift */ = {isa = PBXFileReference; lastKnownFileType = sourcecode.swift; path = UIColor.swift; sourceTree = "<group>"; };
		A6B8C9D128A7087B0003C408 /* ScanNFCVC.xib */ = {isa = PBXFileReference; lastKnownFileType = file.xib; path = ScanNFCVC.xib; sourceTree = "<group>"; };
		A6B8C9D528A7088E0003C408 /* ScanNFCVC.swift */ = {isa = PBXFileReference; lastKnownFileType = sourcecode.swift; path = ScanNFCVC.swift; sourceTree = "<group>"; };
		A6C0CE4C28A4804900084D86 /* Lato-Medium.ttf */ = {isa = PBXFileReference; lastKnownFileType = file; path = "Lato-Medium.ttf"; sourceTree = "<group>"; };
		A6C0CE4D28A4804A00084D86 /* Lato-Regular.ttf */ = {isa = PBXFileReference; lastKnownFileType = file; path = "Lato-Regular.ttf"; sourceTree = "<group>"; };
		A6C0CE4E28A4804A00084D86 /* Lato-Black.ttf */ = {isa = PBXFileReference; lastKnownFileType = file; path = "Lato-Black.ttf"; sourceTree = "<group>"; };
		A6C0CE4F28A4804A00084D86 /* Lato-Semibold.ttf */ = {isa = PBXFileReference; lastKnownFileType = file; path = "Lato-Semibold.ttf"; sourceTree = "<group>"; };
		A6C0CE5028A4804A00084D86 /* Lato-Bold.ttf */ = {isa = PBXFileReference; lastKnownFileType = file; path = "Lato-Bold.ttf"; sourceTree = "<group>"; };
		A6C79C1A28A5584500229739 /* UIDeviceExtension.swift */ = {isa = PBXFileReference; lastKnownFileType = sourcecode.swift; path = UIDeviceExtension.swift; sourceTree = "<group>"; };
		A6C79C1D28A55B0000229739 /* CustomSegmentControlView.swift */ = {isa = PBXFileReference; lastKnownFileType = sourcecode.swift; path = CustomSegmentControlView.swift; sourceTree = "<group>"; };
		A6C79C1F28A55B1F00229739 /* CustomSegmentControlView.xib */ = {isa = PBXFileReference; lastKnownFileType = file.xib; path = CustomSegmentControlView.xib; sourceTree = "<group>"; };
		A6C8494828A4897C00CF7E61 /* ContactListViewController.swift */ = {isa = PBXFileReference; lastKnownFileType = sourcecode.swift; path = ContactListViewController.swift; sourceTree = "<group>"; };
		A6C8494B28A48F3300CF7E61 /* ContactListViewModel.swift */ = {isa = PBXFileReference; lastKnownFileType = sourcecode.swift; path = ContactListViewModel.swift; sourceTree = "<group>"; };
		A6C8494E28A4903D00CF7E61 /* SeettingsTableViewCell.xib */ = {isa = PBXFileReference; lastKnownFileType = file.xib; path = SeettingsTableViewCell.xib; sourceTree = "<group>"; };
		A6C8495028A4904C00CF7E61 /* SeettingsTableViewCell.swift */ = {isa = PBXFileReference; lastKnownFileType = sourcecode.swift; path = SeettingsTableViewCell.swift; sourceTree = "<group>"; };
		A6C8495328A491A700CF7E61 /* SettingsViewController.swift */ = {isa = PBXFileReference; lastKnownFileType = sourcecode.swift; path = SettingsViewController.swift; sourceTree = "<group>"; };
		A6D2D7EF28B274EC00DDF2A1 /* UpdatePasswordViewModel.swift */ = {isa = PBXFileReference; lastKnownFileType = sourcecode.swift; path = UpdatePasswordViewModel.swift; sourceTree = "<group>"; };
		A6D2D7F128B284E900DDF2A1 /* SettingsModel.swift */ = {isa = PBXFileReference; lastKnownFileType = sourcecode.swift; path = SettingsModel.swift; sourceTree = "<group>"; };
		A6D2D7F328B286F600DDF2A1 /* ForgotPasswordModel.swift */ = {isa = PBXFileReference; lastKnownFileType = sourcecode.swift; path = ForgotPasswordModel.swift; sourceTree = "<group>"; };
		A6D2D7F628B2981400DDF2A1 /* ChangeForgotPassword.swift */ = {isa = PBXFileReference; lastKnownFileType = sourcecode.swift; path = ChangeForgotPassword.swift; sourceTree = "<group>"; };
		A6D2D7F828B2A23500DDF2A1 /* ChangeForgotPasswordViewModel.swift */ = {isa = PBXFileReference; lastKnownFileType = sourcecode.swift; path = ChangeForgotPasswordViewModel.swift; sourceTree = "<group>"; };
		A6D6F27C28A1C6C600AD3C9C /* DynamicType.swift */ = {isa = PBXFileReference; lastKnownFileType = sourcecode.swift; path = DynamicType.swift; sourceTree = "<group>"; };
		A6D6F27E28A1C7AB00AD3C9C /* SignInViewModel.swift */ = {isa = PBXFileReference; lastKnownFileType = sourcecode.swift; path = SignInViewModel.swift; sourceTree = "<group>"; };
		A6D6F28028A1C80700AD3C9C /* Validator.swift */ = {isa = PBXFileReference; lastKnownFileType = sourcecode.swift; path = Validator.swift; sourceTree = "<group>"; };
		A6D6F28328A1CCBF00AD3C9C /* SignInModels.swift */ = {isa = PBXFileReference; lastKnownFileType = sourcecode.swift; path = SignInModels.swift; sourceTree = "<group>"; };
		A6D6F28628A1CFEA00AD3C9C /* AuthenticationService.swift */ = {isa = PBXFileReference; lastKnownFileType = sourcecode.swift; path = AuthenticationService.swift; sourceTree = "<group>"; };
		A6DD487928A275C600747B01 /* ForgotPasswordController.swift */ = {isa = PBXFileReference; lastKnownFileType = sourcecode.swift; path = ForgotPasswordController.swift; sourceTree = "<group>"; };
		A6DD487B28A27D5E00747B01 /* AppRouterManager.swift */ = {isa = PBXFileReference; lastKnownFileType = sourcecode.swift; path = AppRouterManager.swift; sourceTree = "<group>"; };
		A6DD487D28A2802E00747B01 /* ForgotPassWordViewModel.swift */ = {isa = PBXFileReference; lastKnownFileType = sourcecode.swift; path = ForgotPassWordViewModel.swift; sourceTree = "<group>"; };
		A6DD488028A2945500747B01 /* RegisterViewConntroller.swift */ = {isa = PBXFileReference; lastKnownFileType = sourcecode.swift; path = RegisterViewConntroller.swift; sourceTree = "<group>"; };
		A6DD488228A2946100747B01 /* RegisterViewModel.swift */ = {isa = PBXFileReference; lastKnownFileType = sourcecode.swift; path = RegisterViewModel.swift; sourceTree = "<group>"; };
		A6E25A3828A5601B009B2D09 /* HomeViewController.swift */ = {isa = PBXFileReference; lastKnownFileType = sourcecode.swift; path = HomeViewController.swift; sourceTree = "<group>"; };
		A6E94DD528AEEE4B00A1D14B /* SettingsViewModel.swift */ = {isa = PBXFileReference; lastKnownFileType = sourcecode.swift; path = SettingsViewModel.swift; sourceTree = "<group>"; };
		A6E9E98428B6BCDA0074D45D /* UpdateProfileViewModel.swift */ = {isa = PBXFileReference; lastKnownFileType = sourcecode.swift; path = UpdateProfileViewModel.swift; sourceTree = "<group>"; };
		A6E9E98628B6CBAE0074D45D /* CardTypeEnum.swift */ = {isa = PBXFileReference; lastKnownFileType = sourcecode.swift; path = CardTypeEnum.swift; sourceTree = "<group>"; };
		A6FC614028A02A0100756C74 /* MammothTag.app */ = {isa = PBXFileReference; explicitFileType = wrapper.application; includeInIndex = 0; path = MammothTag.app; sourceTree = BUILT_PRODUCTS_DIR; };
		A6FC614328A02A0100756C74 /* AppDelegate.swift */ = {isa = PBXFileReference; lastKnownFileType = sourcecode.swift; path = AppDelegate.swift; sourceTree = "<group>"; };
		A6FC614528A02A0100756C74 /* SceneDelegate.swift */ = {isa = PBXFileReference; lastKnownFileType = sourcecode.swift; path = SceneDelegate.swift; sourceTree = "<group>"; };
		A6FC614728A02A0100756C74 /* SpalchScreen.swift */ = {isa = PBXFileReference; lastKnownFileType = sourcecode.swift; path = SpalchScreen.swift; sourceTree = "<group>"; };
		A6FC614A28A02A0100756C74 /* Base */ = {isa = PBXFileReference; lastKnownFileType = file.storyboard; name = Base; path = Base.lproj/Main.storyboard; sourceTree = "<group>"; };
		A6FC614C28A02A0300756C74 /* Assets.xcassets */ = {isa = PBXFileReference; lastKnownFileType = folder.assetcatalog; path = Assets.xcassets; sourceTree = "<group>"; };
		A6FC614F28A02A0300756C74 /* Base */ = {isa = PBXFileReference; lastKnownFileType = file.storyboard; name = Base; path = Base.lproj/LaunchScreen.storyboard; sourceTree = "<group>"; };
		A6FC615628A02A0300756C74 /* MammothTagTests.xctest */ = {isa = PBXFileReference; explicitFileType = wrapper.cfbundle; includeInIndex = 0; path = MammothTagTests.xctest; sourceTree = BUILT_PRODUCTS_DIR; };
		A6FC615A28A02A0300756C74 /* MammothTagTests.swift */ = {isa = PBXFileReference; lastKnownFileType = sourcecode.swift; path = MammothTagTests.swift; sourceTree = "<group>"; };
		A6FC616028A02A0300756C74 /* MammothTagUITests.xctest */ = {isa = PBXFileReference; explicitFileType = wrapper.cfbundle; includeInIndex = 0; path = MammothTagUITests.xctest; sourceTree = BUILT_PRODUCTS_DIR; };
		A6FC616428A02A0300756C74 /* MammothTagUITests.swift */ = {isa = PBXFileReference; lastKnownFileType = sourcecode.swift; path = MammothTagUITests.swift; sourceTree = "<group>"; };
		A6FC616628A02A0300756C74 /* MammothTagUITestsLaunchTests.swift */ = {isa = PBXFileReference; lastKnownFileType = sourcecode.swift; path = MammothTagUITestsLaunchTests.swift; sourceTree = "<group>"; };
		EA02DFB3308744DBB64AC421 /* Pods-MammothTag-MammothTagUITests.debug.xcconfig */ = {isa = PBXFileReference; includeInIndex = 1; lastKnownFileType = text.xcconfig; name = "Pods-MammothTag-MammothTagUITests.debug.xcconfig"; path = "Target Support Files/Pods-MammothTag-MammothTagUITests/Pods-MammothTag-MammothTagUITests.debug.xcconfig"; sourceTree = "<group>"; };
		FA893F554257083711F51B3A /* Pods_MammothTag_MammothTagUITests.framework */ = {isa = PBXFileReference; explicitFileType = wrapper.framework; includeInIndex = 0; path = Pods_MammothTag_MammothTagUITests.framework; sourceTree = BUILT_PRODUCTS_DIR; };
/* End PBXFileReference section */

/* Begin PBXFrameworksBuildPhase section */
		A6FC613D28A02A0100756C74 /* Frameworks */ = {
			isa = PBXFrameworksBuildPhase;
			buildActionMask = 2147483647;
			files = (
				DD96984181916BD0AAEFA5A1 /* Pods_MammothTag.framework in Frameworks */,
			);
			runOnlyForDeploymentPostprocessing = 0;
		};
		A6FC615328A02A0300756C74 /* Frameworks */ = {
			isa = PBXFrameworksBuildPhase;
			buildActionMask = 2147483647;
			files = (
				7FD28A811FD79095284AFF70 /* Pods_MammothTagTests.framework in Frameworks */,
			);
			runOnlyForDeploymentPostprocessing = 0;
		};
		A6FC615D28A02A0300756C74 /* Frameworks */ = {
			isa = PBXFrameworksBuildPhase;
			buildActionMask = 2147483647;
			files = (
				7B2B70397D46F399273E97AF /* Pods_MammothTag_MammothTagUITests.framework in Frameworks */,
			);
			runOnlyForDeploymentPostprocessing = 0;
		};
/* End PBXFrameworksBuildPhase section */

/* Begin PBXGroup section */
		4F15A1EF583A16B162416523 /* Pods */ = {
			isa = PBXGroup;
			children = (
				129818B978A2A3FF9537A71D /* Pods-MammothTag.debug.xcconfig */,
				2EFC469A172477E0EE8CFC7C /* Pods-MammothTag.release.xcconfig */,
				EA02DFB3308744DBB64AC421 /* Pods-MammothTag-MammothTagUITests.debug.xcconfig */,
				4A6F511C1421FD80267F9437 /* Pods-MammothTag-MammothTagUITests.release.xcconfig */,
				34B264BA4192CEFB5882D49A /* Pods-MammothTagTests.debug.xcconfig */,
				7B8780D119D8D6016A8FE39F /* Pods-MammothTagTests.release.xcconfig */,
			);
			path = Pods;
			sourceTree = "<group>";
		};
		6954E0F0A7D1F1F25CD8C5E4 /* Frameworks */ = {
			isa = PBXGroup;
			children = (
				8BD3ABCF54B63C149BF278F0 /* Pods_MammothTag.framework */,
				FA893F554257083711F51B3A /* Pods_MammothTag_MammothTagUITests.framework */,
				6958C0EE95AA9A0DFDAF23D0 /* Pods_MammothTagTests.framework */,
			);
			name = Frameworks;
			sourceTree = "<group>";
		};
		A60305F028A31EE40028F085 /* Terms&&Conditions */ = {
			isa = PBXGroup;
			children = (
				A60305F128A31F000028F085 /* TermsAndConditionViewController.swift */,
				A60305F328A327190028F085 /* TermsAndConditionViewModel.swift */,
			);
			path = "Terms&&Conditions";
			sourceTree = "<group>";
		};
		A60B313028A173B80037F0B3 /* Extension */ = {
			isa = PBXGroup;
			children = (
				A60B313128A173D20037F0B3 /* UIViewExtension.swift */,
				A6A6959828A6BDB90025A3B2 /* UIViewControllerExtension.swift */,
				A6979E9E28A3D63C008C2B60 /* StringExtension.swift */,
				A6B7360028A17AAC00C09A3C /* UIColor.swift */,
				A688ED0428AFAD210010AE54 /* DateExtension.swift */,
				A6C79C1A28A5584500229739 /* UIDeviceExtension.swift */,
			);
			path = Extension;
			sourceTree = "<group>";
		};
		A60B313328A175C60037F0B3 /* Utilities */ = {
			isa = PBXGroup;
			children = (
				A6979EB428A474B3008C2B60 /* XibFile */,
				A60B313428A175D70037F0B3 /* GradientView.swift */,
				A6979EAE28A3F5AD008C2B60 /* AppSettings.swift */,
				A6D6F28028A1C80700AD3C9C /* Validator.swift */,
				A6D6F27C28A1C6C600AD3C9C /* DynamicType.swift */,
				A648400B28A190BD000D040D /* CustomTextField.swift */,
			);
			path = Utilities;
			sourceTree = "<group>";
		};
		A62B1BDC28AA900F00948860 /* MoreVC */ = {
			isa = PBXGroup;
			children = (
				A62B1BDD28AA902300948860 /* MoreVC.swift */,
				A62B1BDF28AA903800948860 /* MoreVC.xib */,
			);
			path = MoreVC;
			sourceTree = "<group>";
		};
		A62B1BE128AA9E1E00948860 /* AddNewCardVc */ = {
			isa = PBXGroup;
			children = (
				A62B1BE228AA9E2B00948860 /* AddNewCardVc.xib */,
				A62B1BE428AA9E3300948860 /* AddNewCardVc.swift */,
			);
			path = AddNewCardVc;
			sourceTree = "<group>";
		};
		A640DE3F28B6B0EE004EDB9B /* updateProfile */ = {
			isa = PBXGroup;
			children = (
				A640DE4028B6B105004EDB9B /* UpdateProfileViewController.swift */,
				A6E9E98428B6BCDA0074D45D /* UpdateProfileViewModel.swift */,
			);
			path = updateProfile;
			sourceTree = "<group>";
		};
		A648691128AEC99D00C059C9 /* Enum */ = {
			isa = PBXGroup;
			children = (
				A648691228AEC9AF00C059C9 /* URLRequestEnum.swift */,
				A6E9E98628B6CBAE0074D45D /* CardTypeEnum.swift */,
				A68F76A728B44DA80051E0D4 /* SourceControllerEnum.swift */,
			);
			path = Enum;
			sourceTree = "<group>";
		};
		A6511F2028BBEC2E003DF731 /* SocialMediaVC */ = {
			isa = PBXGroup;
			children = (
				A6511F2128BBEC41003DF731 /* SocialMediaVC.xib */,
				A6511F2528BBED06003DF731 /* SocialMediaCollectionCell.xib */,
				A6511F2728BBED15003DF731 /* SocialMediaCollectionCell.swift */,
				A6511F2328BBEC49003DF731 /* SocialMediaVC.swift */,
			);
			path = SocialMediaVC;
			sourceTree = "<group>";
		};
		A6511F2B28BBFDF9003DF731 /* Constant */ = {
			isa = PBXGroup;
			children = (
				A6511F2C28BBFE06003DF731 /* Constant.swift */,
			);
			path = Constant;
			sourceTree = "<group>";
		};
		A68F76A528B44C980051E0D4 /* Authentication */ = {
			isa = PBXGroup;
			children = (
				A6DD487F28A2944000747B01 /* Register */,
				A6D6F27B28A1C2E100AD3C9C /* SignIn */,
				A60305F028A31EE40028F085 /* Terms&&Conditions */,
				A6DD487828A275A900747B01 /* ForgotPassword */,
				A6D2D7F528B297FC00DDF2A1 /* ChangeForgotPassword */,
			);
			path = Authentication;
			sourceTree = "<group>";
		};
		A68F76A628B44CB50051E0D4 /* Account */ = {
			isa = PBXGroup;
			children = (
				A6C8495228A4918B00CF7E61 /* Settings */,
				A640DE3F28B6B0EE004EDB9B /* updateProfile */,
				A6B72E8E28B2645400D69D8E /* UpdatePassword */,
			);
			path = Account;
			sourceTree = "<group>";
		};
		A6979E9728A3CCE7008C2B60 /* Localization */ = {
			isa = PBXGroup;
			children = (
				A6979EA228A3DE92008C2B60 /* Localizable.strings */,
			);
			path = Localization;
			sourceTree = "<group>";
		};
		A6979EB428A474B3008C2B60 /* XibFile */ = {
			isa = PBXGroup;
			children = (
				A6511F2028BBEC2E003DF731 /* SocialMediaVC */,
				A62B1BE128AA9E1E00948860 /* AddNewCardVc */,
				A62B1BDC28AA900F00948860 /* MoreVC */,
				A6B8C9D028A708530003C408 /* ScanNFCVC */,
				A6A6959A28A6E65A0025A3B2 /* UpdateProfileModeVC */,
				A6C79C1C28A55AEC00229739 /* CustomSegmentControlView */,
				A69B199D28A53A2200BE92F1 /* CustomTabbarView */,
				A6C8494D28A4901300CF7E61 /* SettingsCell */,
				A6C8494A28A48E9300CF7E61 /* ContactCell */,
			);
			path = XibFile;
			sourceTree = "<group>";
		};
		A69B199628A52D8000BE92F1 /* Tabbar */ = {
			isa = PBXGroup;
			children = (
				A69B199728A52DA700BE92F1 /* MainTabbarViewController.swift */,
				A69B199B28A5304B00BE92F1 /* TabNavigationMenu.swift */,
				A69B199928A5303E00BE92F1 /* TabItem.swift */,
			);
			path = Tabbar;
			sourceTree = "<group>";
		};
		A69B199D28A53A2200BE92F1 /* CustomTabbarView */ = {
			isa = PBXGroup;
			children = (
				A69B199E28A53A6600BE92F1 /* CustomTabbarView.swift */,
				A69B19A028A53A8D00BE92F1 /* CustomTabbarView.xib */,
			);
			path = CustomTabbarView;
			sourceTree = "<group>";
		};
		A6A6959528A6B86F0025A3B2 /* Manager */ = {
			isa = PBXGroup;
			children = (
				A6DD487B28A27D5E00747B01 /* AppRouterManager.swift */,
				A6A6959628A6B8870025A3B2 /* AccountManager.swift */,
			);
			path = Manager;
			sourceTree = "<group>";
		};
		A6A6959A28A6E65A0025A3B2 /* UpdateProfileModeVC */ = {
			isa = PBXGroup;
			children = (
				A6A6959B28A6E6810025A3B2 /* UpdateProfileModeVC.xib */,
				A6A6959D28A6E69A0025A3B2 /* UpdateProfileModeVC.swift */,
			);
			path = UpdateProfileModeVC;
			sourceTree = "<group>";
		};
		A6B72E8E28B2645400D69D8E /* UpdatePassword */ = {
			isa = PBXGroup;
			children = (
				A6B72E8F28B2646C00D69D8E /* UpdatePasswordController.swift */,
				A6D2D7EF28B274EC00DDF2A1 /* UpdatePasswordViewModel.swift */,
			);
			path = UpdatePassword;
			sourceTree = "<group>";
		};
		A6B8C9D028A708530003C408 /* ScanNFCVC */ = {
			isa = PBXGroup;
			children = (
				A6B8C9D128A7087B0003C408 /* ScanNFCVC.xib */,
				A6B8C9D528A7088E0003C408 /* ScanNFCVC.swift */,
			);
			path = ScanNFCVC;
			sourceTree = "<group>";
		};
		A6C0CE4B28A4803100084D86 /* Lato */ = {
			isa = PBXGroup;
			children = (
				A6C0CE4E28A4804A00084D86 /* Lato-Black.ttf */,
				A6C0CE5028A4804A00084D86 /* Lato-Bold.ttf */,
				A6C0CE4C28A4804900084D86 /* Lato-Medium.ttf */,
				A6C0CE4D28A4804A00084D86 /* Lato-Regular.ttf */,
				A6C0CE4F28A4804A00084D86 /* Lato-Semibold.ttf */,
			);
			path = Lato;
			sourceTree = "<group>";
		};
		A6C79C1C28A55AEC00229739 /* CustomSegmentControlView */ = {
			isa = PBXGroup;
			children = (
				A6C79C1D28A55B0000229739 /* CustomSegmentControlView.swift */,
				A6C79C1F28A55B1F00229739 /* CustomSegmentControlView.xib */,
			);
			path = CustomSegmentControlView;
			sourceTree = "<group>";
		};
		A6C8494728A4895B00CF7E61 /* ContactList */ = {
			isa = PBXGroup;
			children = (
				A6C8494828A4897C00CF7E61 /* ContactListViewController.swift */,
				A6C8494B28A48F3300CF7E61 /* ContactListViewModel.swift */,
			);
			path = ContactList;
			sourceTree = "<group>";
		};
		A6C8494A28A48E9300CF7E61 /* ContactCell */ = {
			isa = PBXGroup;
			children = (
				A6979EB528A474C7008C2B60 /* ContactTableViewCell.xib */,
				A6979EB728A474DD008C2B60 /* ContactTableViewCell.swift */,
			);
			path = ContactCell;
			sourceTree = "<group>";
		};
		A6C8494D28A4901300CF7E61 /* SettingsCell */ = {
			isa = PBXGroup;
			children = (
				A6C8494E28A4903D00CF7E61 /* SeettingsTableViewCell.xib */,
				A6C8495028A4904C00CF7E61 /* SeettingsTableViewCell.swift */,
			);
			path = SettingsCell;
			sourceTree = "<group>";
		};
		A6C8495228A4918B00CF7E61 /* Settings */ = {
			isa = PBXGroup;
			children = (
				A6C8495328A491A700CF7E61 /* SettingsViewController.swift */,
				A6E94DD528AEEE4B00A1D14B /* SettingsViewModel.swift */,
			);
			path = Settings;
			sourceTree = "<group>";
		};
		A6D2D7F528B297FC00DDF2A1 /* ChangeForgotPassword */ = {
			isa = PBXGroup;
			children = (
				A6D2D7F628B2981400DDF2A1 /* ChangeForgotPassword.swift */,
				A6D2D7F828B2A23500DDF2A1 /* ChangeForgotPasswordViewModel.swift */,
			);
			path = ChangeForgotPassword;
			sourceTree = "<group>";
		};
		A6D6F27B28A1C2E100AD3C9C /* SignIn */ = {
			isa = PBXGroup;
			children = (
				A60B312E28A033800037F0B3 /* SignInController.swift */,
				A6D6F27E28A1C7AB00AD3C9C /* SignInViewModel.swift */,
			);
			path = SignIn;
			sourceTree = "<group>";
		};
		A6D6F28228A1CCAC00AD3C9C /* Models */ = {
			isa = PBXGroup;
			children = (
				A6D6F28328A1CCBF00AD3C9C /* SignInModels.swift */,
				A6138D5228BAB26900DA71F9 /* CardServerResponseModel.swift */,
				A6511F2928BBF6F4003DF731 /* SocialMediaModel.swift */,
				A6979EB028A413DE008C2B60 /* RegisterModel.swift */,
				A688ED0A28AFF1410010AE54 /* CardModel.swift */,
				A688ED0E28AFF2310010AE54 /* ProfileModel.swift */,
				A6D2D7F128B284E900DDF2A1 /* SettingsModel.swift */,
				A6D2D7F328B286F600DDF2A1 /* ForgotPasswordModel.swift */,
				A688ED0C28AFF1810010AE54 /* ServerResponseModel.swift */,
			);
			path = Models;
			sourceTree = "<group>";
		};
		A6D6F28528A1CFCC00AD3C9C /* APIService */ = {
			isa = PBXGroup;
			children = (
				A6D6F28628A1CFEA00AD3C9C /* AuthenticationService.swift */,
				A688ED0828AFEFF00010AE54 /* CardService.swift */,
			);
			path = APIService;
			sourceTree = "<group>";
		};
		A6DD487728A2759D00747B01 /* Screens */ = {
			isa = PBXGroup;
			children = (
				A69B199628A52D8000BE92F1 /* Tabbar */,
				A6E25A3728A56008009B2D09 /* Home */,
				A6C8494728A4895B00CF7E61 /* ContactList */,
				A68F76A628B44CB50051E0D4 /* Account */,
				A68F76A528B44C980051E0D4 /* Authentication */,
			);
			path = Screens;
			sourceTree = "<group>";
		};
		A6DD487828A275A900747B01 /* ForgotPassword */ = {
			isa = PBXGroup;
			children = (
				A6DD487928A275C600747B01 /* ForgotPasswordController.swift */,
				A6DD487D28A2802E00747B01 /* ForgotPassWordViewModel.swift */,
			);
			path = ForgotPassword;
			sourceTree = "<group>";
		};
		A6DD487F28A2944000747B01 /* Register */ = {
			isa = PBXGroup;
			children = (
				A6DD488028A2945500747B01 /* RegisterViewConntroller.swift */,
				A6979EB228A46190008C2B60 /* RegisterViewControllerImagePicker.swift */,
				A6DD488228A2946100747B01 /* RegisterViewModel.swift */,
			);
			path = Register;
			sourceTree = "<group>";
		};
		A6E25A3728A56008009B2D09 /* Home */ = {
			isa = PBXGroup;
			children = (
				A6E25A3828A5601B009B2D09 /* HomeViewController.swift */,
				A6B4D85B28A7225800E73ACD /* HomeViewModel.swift */,
			);
			path = Home;
			sourceTree = "<group>";
		};
		A6FC613728A02A0100756C74 = {
			isa = PBXGroup;
			children = (
				A6FC614228A02A0100756C74 /* MammothTag */,
				A6FC615928A02A0300756C74 /* MammothTagTests */,
				A6FC616328A02A0300756C74 /* MammothTagUITests */,
				A6FC614128A02A0100756C74 /* Products */,
				4F15A1EF583A16B162416523 /* Pods */,
				6954E0F0A7D1F1F25CD8C5E4 /* Frameworks */,
			);
			sourceTree = "<group>";
		};
		A6FC614128A02A0100756C74 /* Products */ = {
			isa = PBXGroup;
			children = (
				A6FC614028A02A0100756C74 /* MammothTag.app */,
				A6FC615628A02A0300756C74 /* MammothTagTests.xctest */,
				A6FC616028A02A0300756C74 /* MammothTagUITests.xctest */,
			);
			name = Products;
			sourceTree = "<group>";
		};
		A6FC614228A02A0100756C74 /* MammothTag */ = {
			isa = PBXGroup;
			children = (
				A66FEEE828A47D980062D754 /* MammothTag.entitlements */,
				A6FC614328A02A0100756C74 /* AppDelegate.swift */,
				A6FC614528A02A0100756C74 /* SceneDelegate.swift */,
				A6FC614728A02A0100756C74 /* SpalchScreen.swift */,
				A6511F2B28BBFDF9003DF731 /* Constant */,
				A6D6F28528A1CFCC00AD3C9C /* APIService */,
				A6A6959528A6B86F0025A3B2 /* Manager */,
				A6D6F28228A1CCAC00AD3C9C /* Models */,
				A648691128AEC99D00C059C9 /* Enum */,
				A6DD487728A2759D00747B01 /* Screens */,
				A60B313328A175C60037F0B3 /* Utilities */,
				A60B313028A173B80037F0B3 /* Extension */,
				A627DAAA28A02F2100F0D54E /* Authentification.storyboard */,
				A6FC614928A02A0100756C74 /* Main.storyboard */,
				A6FC614C28A02A0300756C74 /* Assets.xcassets */,
				A6C0CE4B28A4803100084D86 /* Lato */,
				A6979E9728A3CCE7008C2B60 /* Localization */,
				A6979EAA28A3EE46008C2B60 /* Info.plist */,
				A6FC614E28A02A0300756C74 /* LaunchScreen.storyboard */,
			);
			path = MammothTag;
			sourceTree = "<group>";
		};
		A6FC615928A02A0300756C74 /* MammothTagTests */ = {
			isa = PBXGroup;
			children = (
				A6FC615A28A02A0300756C74 /* MammothTagTests.swift */,
			);
			path = MammothTagTests;
			sourceTree = "<group>";
		};
		A6FC616328A02A0300756C74 /* MammothTagUITests */ = {
			isa = PBXGroup;
			children = (
				A6FC616428A02A0300756C74 /* MammothTagUITests.swift */,
				A6FC616628A02A0300756C74 /* MammothTagUITestsLaunchTests.swift */,
			);
			path = MammothTagUITests;
			sourceTree = "<group>";
		};
/* End PBXGroup section */

/* Begin PBXNativeTarget section */
		A6FC613F28A02A0100756C74 /* MammothTag */ = {
			isa = PBXNativeTarget;
			buildConfigurationList = A6FC616A28A02A0300756C74 /* Build configuration list for PBXNativeTarget "MammothTag" */;
			buildPhases = (
				F3257686EE3D321D881E849F /* [CP] Check Pods Manifest.lock */,
				A6FC613C28A02A0100756C74 /* Sources */,
				A6FC613D28A02A0100756C74 /* Frameworks */,
				A6FC613E28A02A0100756C74 /* Resources */,
				AC307716C5D5F9117800F39F /* [CP] Embed Pods Frameworks */,
			);
			buildRules = (
			);
			dependencies = (
			);
			name = MammothTag;
			productName = MammothTag;
			productReference = A6FC614028A02A0100756C74 /* MammothTag.app */;
			productType = "com.apple.product-type.application";
		};
		A6FC615528A02A0300756C74 /* MammothTagTests */ = {
			isa = PBXNativeTarget;
			buildConfigurationList = A6FC616D28A02A0300756C74 /* Build configuration list for PBXNativeTarget "MammothTagTests" */;
			buildPhases = (
				AEC64B0A2495B81E0A23DA17 /* [CP] Check Pods Manifest.lock */,
				A6FC615228A02A0300756C74 /* Sources */,
				A6FC615328A02A0300756C74 /* Frameworks */,
				A6FC615428A02A0300756C74 /* Resources */,
			);
			buildRules = (
			);
			dependencies = (
				A6FC615828A02A0300756C74 /* PBXTargetDependency */,
			);
			name = MammothTagTests;
			productName = MammothTagTests;
			productReference = A6FC615628A02A0300756C74 /* MammothTagTests.xctest */;
			productType = "com.apple.product-type.bundle.unit-test";
		};
		A6FC615F28A02A0300756C74 /* MammothTagUITests */ = {
			isa = PBXNativeTarget;
			buildConfigurationList = A6FC617028A02A0300756C74 /* Build configuration list for PBXNativeTarget "MammothTagUITests" */;
			buildPhases = (
				EBB16D7A8CE1D09909233932 /* [CP] Check Pods Manifest.lock */,
				A6FC615C28A02A0300756C74 /* Sources */,
				A6FC615D28A02A0300756C74 /* Frameworks */,
				A6FC615E28A02A0300756C74 /* Resources */,
				55E9471EEE35548216B768C7 /* [CP] Embed Pods Frameworks */,
			);
			buildRules = (
			);
			dependencies = (
				A6FC616228A02A0300756C74 /* PBXTargetDependency */,
			);
			name = MammothTagUITests;
			productName = MammothTagUITests;
			productReference = A6FC616028A02A0300756C74 /* MammothTagUITests.xctest */;
			productType = "com.apple.product-type.bundle.ui-testing";
		};
/* End PBXNativeTarget section */

/* Begin PBXProject section */
		A6FC613828A02A0100756C74 /* Project object */ = {
			isa = PBXProject;
			attributes = {
				BuildIndependentTargetsInParallel = 1;
				LastSwiftUpdateCheck = 1330;
				LastUpgradeCheck = 1330;
				TargetAttributes = {
					A6FC613F28A02A0100756C74 = {
						CreatedOnToolsVersion = 13.3;
					};
					A6FC615528A02A0300756C74 = {
						CreatedOnToolsVersion = 13.3;
						TestTargetID = A6FC613F28A02A0100756C74;
					};
					A6FC615F28A02A0300756C74 = {
						CreatedOnToolsVersion = 13.3;
						TestTargetID = A6FC613F28A02A0100756C74;
					};
				};
			};
			buildConfigurationList = A6FC613B28A02A0100756C74 /* Build configuration list for PBXProject "MammothTag" */;
			compatibilityVersion = "Xcode 13.0";
			developmentRegion = en;
			hasScannedForEncodings = 0;
			knownRegions = (
				en,
				Base,
				ar,
			);
			mainGroup = A6FC613728A02A0100756C74;
			productRefGroup = A6FC614128A02A0100756C74 /* Products */;
			projectDirPath = "";
			projectRoot = "";
			targets = (
				A6FC613F28A02A0100756C74 /* MammothTag */,
				A6FC615528A02A0300756C74 /* MammothTagTests */,
				A6FC615F28A02A0300756C74 /* MammothTagUITests */,
			);
		};
/* End PBXProject section */

/* Begin PBXResourcesBuildPhase section */
		A6FC613E28A02A0100756C74 /* Resources */ = {
			isa = PBXResourcesBuildPhase;
			buildActionMask = 2147483647;
			files = (
				A6C8494F28A4903D00CF7E61 /* SeettingsTableViewCell.xib in Resources */,
				A6C0CE5528A4804A00084D86 /* Lato-Bold.ttf in Resources */,
				A6979EB628A474C7008C2B60 /* ContactTableViewCell.xib in Resources */,
				A6B8C9D228A7087B0003C408 /* ScanNFCVC.xib in Resources */,
				A6A6959C28A6E6810025A3B2 /* UpdateProfileModeVC.xib in Resources */,
				A6511F2628BBED06003DF731 /* SocialMediaCollectionCell.xib in Resources */,
				A6979EA428A3DE92008C2B60 /* Localizable.strings in Resources */,
				A6FC615028A02A0300756C74 /* LaunchScreen.storyboard in Resources */,
				A6C0CE5228A4804A00084D86 /* Lato-Regular.ttf in Resources */,
				A6C0CE5428A4804A00084D86 /* Lato-Semibold.ttf in Resources */,
				A6C0CE5628A4828100084D86 /* Lato-Black.ttf in Resources */,
				A6FC614D28A02A0300756C74 /* Assets.xcassets in Resources */,
				A627DAAB28A02F2100F0D54E /* Authentification.storyboard in Resources */,
				A69B19A128A53A8D00BE92F1 /* CustomTabbarView.xib in Resources */,
				A62B1BE028AA903800948860 /* MoreVC.xib in Resources */,
				A6C79C2028A55B1F00229739 /* CustomSegmentControlView.xib in Resources */,
				A6511F2228BBEC41003DF731 /* SocialMediaVC.xib in Resources */,
				A62B1BE328AA9E2B00948860 /* AddNewCardVc.xib in Resources */,
				A6C0CE5128A4804A00084D86 /* Lato-Medium.ttf in Resources */,
				A6FC614B28A02A0100756C74 /* Main.storyboard in Resources */,
			);
			runOnlyForDeploymentPostprocessing = 0;
		};
		A6FC615428A02A0300756C74 /* Resources */ = {
			isa = PBXResourcesBuildPhase;
			buildActionMask = 2147483647;
			files = (
			);
			runOnlyForDeploymentPostprocessing = 0;
		};
		A6FC615E28A02A0300756C74 /* Resources */ = {
			isa = PBXResourcesBuildPhase;
			buildActionMask = 2147483647;
			files = (
			);
			runOnlyForDeploymentPostprocessing = 0;
		};
/* End PBXResourcesBuildPhase section */

/* Begin PBXShellScriptBuildPhase section */
		55E9471EEE35548216B768C7 /* [CP] Embed Pods Frameworks */ = {
			isa = PBXShellScriptBuildPhase;
			buildActionMask = 2147483647;
			files = (
			);
			inputFileListPaths = (
				"${PODS_ROOT}/Target Support Files/Pods-MammothTag-MammothTagUITests/Pods-MammothTag-MammothTagUITests-frameworks-${CONFIGURATION}-input-files.xcfilelist",
			);
			name = "[CP] Embed Pods Frameworks";
			outputFileListPaths = (
				"${PODS_ROOT}/Target Support Files/Pods-MammothTag-MammothTagUITests/Pods-MammothTag-MammothTagUITests-frameworks-${CONFIGURATION}-output-files.xcfilelist",
			);
			runOnlyForDeploymentPostprocessing = 0;
			shellPath = /bin/sh;
			shellScript = "\"${PODS_ROOT}/Target Support Files/Pods-MammothTag-MammothTagUITests/Pods-MammothTag-MammothTagUITests-frameworks.sh\"\n";
			showEnvVarsInLog = 0;
		};
		AC307716C5D5F9117800F39F /* [CP] Embed Pods Frameworks */ = {
			isa = PBXShellScriptBuildPhase;
			buildActionMask = 2147483647;
			files = (
			);
			inputFileListPaths = (
				"${PODS_ROOT}/Target Support Files/Pods-MammothTag/Pods-MammothTag-frameworks-${CONFIGURATION}-input-files.xcfilelist",
			);
			name = "[CP] Embed Pods Frameworks";
			outputFileListPaths = (
				"${PODS_ROOT}/Target Support Files/Pods-MammothTag/Pods-MammothTag-frameworks-${CONFIGURATION}-output-files.xcfilelist",
			);
			runOnlyForDeploymentPostprocessing = 0;
			shellPath = /bin/sh;
			shellScript = "\"${PODS_ROOT}/Target Support Files/Pods-MammothTag/Pods-MammothTag-frameworks.sh\"\n";
			showEnvVarsInLog = 0;
		};
		AEC64B0A2495B81E0A23DA17 /* [CP] Check Pods Manifest.lock */ = {
			isa = PBXShellScriptBuildPhase;
			buildActionMask = 2147483647;
			files = (
			);
			inputFileListPaths = (
			);
			inputPaths = (
				"${PODS_PODFILE_DIR_PATH}/Podfile.lock",
				"${PODS_ROOT}/Manifest.lock",
			);
			name = "[CP] Check Pods Manifest.lock";
			outputFileListPaths = (
			);
			outputPaths = (
				"$(DERIVED_FILE_DIR)/Pods-MammothTagTests-checkManifestLockResult.txt",
			);
			runOnlyForDeploymentPostprocessing = 0;
			shellPath = /bin/sh;
			shellScript = "diff \"${PODS_PODFILE_DIR_PATH}/Podfile.lock\" \"${PODS_ROOT}/Manifest.lock\" > /dev/null\nif [ $? != 0 ] ; then\n    # print error to STDERR\n    echo \"error: The sandbox is not in sync with the Podfile.lock. Run 'pod install' or update your CocoaPods installation.\" >&2\n    exit 1\nfi\n# This output is used by Xcode 'outputs' to avoid re-running this script phase.\necho \"SUCCESS\" > \"${SCRIPT_OUTPUT_FILE_0}\"\n";
			showEnvVarsInLog = 0;
		};
		EBB16D7A8CE1D09909233932 /* [CP] Check Pods Manifest.lock */ = {
			isa = PBXShellScriptBuildPhase;
			buildActionMask = 2147483647;
			files = (
			);
			inputFileListPaths = (
			);
			inputPaths = (
				"${PODS_PODFILE_DIR_PATH}/Podfile.lock",
				"${PODS_ROOT}/Manifest.lock",
			);
			name = "[CP] Check Pods Manifest.lock";
			outputFileListPaths = (
			);
			outputPaths = (
				"$(DERIVED_FILE_DIR)/Pods-MammothTag-MammothTagUITests-checkManifestLockResult.txt",
			);
			runOnlyForDeploymentPostprocessing = 0;
			shellPath = /bin/sh;
			shellScript = "diff \"${PODS_PODFILE_DIR_PATH}/Podfile.lock\" \"${PODS_ROOT}/Manifest.lock\" > /dev/null\nif [ $? != 0 ] ; then\n    # print error to STDERR\n    echo \"error: The sandbox is not in sync with the Podfile.lock. Run 'pod install' or update your CocoaPods installation.\" >&2\n    exit 1\nfi\n# This output is used by Xcode 'outputs' to avoid re-running this script phase.\necho \"SUCCESS\" > \"${SCRIPT_OUTPUT_FILE_0}\"\n";
			showEnvVarsInLog = 0;
		};
		F3257686EE3D321D881E849F /* [CP] Check Pods Manifest.lock */ = {
			isa = PBXShellScriptBuildPhase;
			buildActionMask = 2147483647;
			files = (
			);
			inputFileListPaths = (
			);
			inputPaths = (
				"${PODS_PODFILE_DIR_PATH}/Podfile.lock",
				"${PODS_ROOT}/Manifest.lock",
			);
			name = "[CP] Check Pods Manifest.lock";
			outputFileListPaths = (
			);
			outputPaths = (
				"$(DERIVED_FILE_DIR)/Pods-MammothTag-checkManifestLockResult.txt",
			);
			runOnlyForDeploymentPostprocessing = 0;
			shellPath = /bin/sh;
			shellScript = "diff \"${PODS_PODFILE_DIR_PATH}/Podfile.lock\" \"${PODS_ROOT}/Manifest.lock\" > /dev/null\nif [ $? != 0 ] ; then\n    # print error to STDERR\n    echo \"error: The sandbox is not in sync with the Podfile.lock. Run 'pod install' or update your CocoaPods installation.\" >&2\n    exit 1\nfi\n# This output is used by Xcode 'outputs' to avoid re-running this script phase.\necho \"SUCCESS\" > \"${SCRIPT_OUTPUT_FILE_0}\"\n";
			showEnvVarsInLog = 0;
		};
/* End PBXShellScriptBuildPhase section */

/* Begin PBXSourcesBuildPhase section */
		A6FC613C28A02A0100756C74 /* Sources */ = {
			isa = PBXSourcesBuildPhase;
			buildActionMask = 2147483647;
			files = (
				A60B313528A175D70037F0B3 /* GradientView.swift in Sources */,
				A6979EB128A413DE008C2B60 /* RegisterModel.swift in Sources */,
				A6511F2828BBED15003DF731 /* SocialMediaCollectionCell.swift in Sources */,
				A6B72E9028B2646C00D69D8E /* UpdatePasswordController.swift in Sources */,
				A6B7360128A17AAC00C09A3C /* UIColor.swift in Sources */,
				A60B313228A173D20037F0B3 /* UIViewExtension.swift in Sources */,
				A640DE4128B6B105004EDB9B /* UpdateProfileViewController.swift in Sources */,
				A6DD487A28A275C600747B01 /* ForgotPasswordController.swift in Sources */,
				A688ED0F28AFF2310010AE54 /* ProfileModel.swift in Sources */,
				A6D2D7F428B286F600DDF2A1 /* ForgotPasswordModel.swift in Sources */,
				A688ED0B28AFF1410010AE54 /* CardModel.swift in Sources */,
				A6FC614828A02A0100756C74 /* SpalchScreen.swift in Sources */,
				A688ED0D28AFF1810010AE54 /* ServerResponseModel.swift in Sources */,
				A6D2D7F028B274EC00DDF2A1 /* UpdatePasswordViewModel.swift in Sources */,
				A6D2D7F228B284E900DDF2A1 /* SettingsModel.swift in Sources */,
				A6D6F27F28A1C7AB00AD3C9C /* SignInViewModel.swift in Sources */,
				A6D6F28428A1CCBF00AD3C9C /* SignInModels.swift in Sources */,
				A6C8495128A4904C00CF7E61 /* SeettingsTableViewCell.swift in Sources */,
				A69B199828A52DA700BE92F1 /* MainTabbarViewController.swift in Sources */,
				A69B199A28A5303E00BE92F1 /* TabItem.swift in Sources */,
				A6DD488328A2946100747B01 /* RegisterViewModel.swift in Sources */,
				A6979E9F28A3D63C008C2B60 /* StringExtension.swift in Sources */,
				A6511F2D28BBFE06003DF731 /* Constant.swift in Sources */,
				A60305F428A327190028F085 /* TermsAndConditionViewModel.swift in Sources */,
				A69B199C28A5304B00BE92F1 /* TabNavigationMenu.swift in Sources */,
				A6A6959E28A6E69B0025A3B2 /* UpdateProfileModeVC.swift in Sources */,
				A6979EB828A474DD008C2B60 /* ContactTableViewCell.swift in Sources */,
				A6A6959928A6BDB90025A3B2 /* UIViewControllerExtension.swift in Sources */,
				A6DD487C28A27D5E00747B01 /* AppRouterManager.swift in Sources */,
				A6138D5328BAB26900DA71F9 /* CardServerResponseModel.swift in Sources */,
				A6511F2A28BBF6F4003DF731 /* SocialMediaModel.swift in Sources */,
				A6511F2428BBEC49003DF731 /* SocialMediaVC.swift in Sources */,
				A648691328AEC9AF00C059C9 /* URLRequestEnum.swift in Sources */,
				A6DD487E28A2802E00747B01 /* ForgotPassWordViewModel.swift in Sources */,
				A69B199F28A53A6600BE92F1 /* CustomTabbarView.swift in Sources */,
				A6D6F28128A1C80700AD3C9C /* Validator.swift in Sources */,
				A6B4D85C28A7225800E73ACD /* HomeViewModel.swift in Sources */,
				A688ED0928AFEFF00010AE54 /* CardService.swift in Sources */,
				A62B1BE528AA9E3300948860 /* AddNewCardVc.swift in Sources */,
				A6DD488128A2945500747B01 /* RegisterViewConntroller.swift in Sources */,
				A6B8C9D628A7088E0003C408 /* ScanNFCVC.swift in Sources */,
				A6D2D7F728B2981400DDF2A1 /* ChangeForgotPassword.swift in Sources */,
				A6E9E98528B6BCDA0074D45D /* UpdateProfileViewModel.swift in Sources */,
				A6D2D7F928B2A23500DDF2A1 /* ChangeForgotPasswordViewModel.swift in Sources */,
				A6C8494C28A48F3300CF7E61 /* ContactListViewModel.swift in Sources */,
				A6979EB328A46190008C2B60 /* RegisterViewControllerImagePicker.swift in Sources */,
				A6E25A3928A5601B009B2D09 /* HomeViewController.swift in Sources */,
				A6A6959728A6B8870025A3B2 /* AccountManager.swift in Sources */,
				A68F76A828B44DA80051E0D4 /* SourceControllerEnum.swift in Sources */,
				A6C79C1E28A55B0000229739 /* CustomSegmentControlView.swift in Sources */,
				A648400C28A190BD000D040D /* CustomTextField.swift in Sources */,
				A6E9E98728B6CBAE0074D45D /* CardTypeEnum.swift in Sources */,
				A62B1BDE28AA902300948860 /* MoreVC.swift in Sources */,
				A60B312F28A033800037F0B3 /* SignInController.swift in Sources */,
				A6E94DD628AEEE4B00A1D14B /* SettingsViewModel.swift in Sources */,
				A6C8494928A4897C00CF7E61 /* ContactListViewController.swift in Sources */,
				A688ED0528AFAD210010AE54 /* DateExtension.swift in Sources */,
				A6D6F27D28A1C6C600AD3C9C /* DynamicType.swift in Sources */,
				A6C8495428A491A700CF7E61 /* SettingsViewController.swift in Sources */,
				A6FC614428A02A0100756C74 /* AppDelegate.swift in Sources */,
				A6979EAF28A3F5AD008C2B60 /* AppSettings.swift in Sources */,
				A6D6F28728A1CFEA00AD3C9C /* AuthenticationService.swift in Sources */,
				A60305F228A31F000028F085 /* TermsAndConditionViewController.swift in Sources */,
				A6FC614628A02A0100756C74 /* SceneDelegate.swift in Sources */,
				A6C79C1B28A5584500229739 /* UIDeviceExtension.swift in Sources */,
			);
			runOnlyForDeploymentPostprocessing = 0;
		};
		A6FC615228A02A0300756C74 /* Sources */ = {
			isa = PBXSourcesBuildPhase;
			buildActionMask = 2147483647;
			files = (
				A6FC615B28A02A0300756C74 /* MammothTagTests.swift in Sources */,
			);
			runOnlyForDeploymentPostprocessing = 0;
		};
		A6FC615C28A02A0300756C74 /* Sources */ = {
			isa = PBXSourcesBuildPhase;
			buildActionMask = 2147483647;
			files = (
				A6FC616528A02A0300756C74 /* MammothTagUITests.swift in Sources */,
				A6FC616728A02A0300756C74 /* MammothTagUITestsLaunchTests.swift in Sources */,
			);
			runOnlyForDeploymentPostprocessing = 0;
		};
/* End PBXSourcesBuildPhase section */

/* Begin PBXTargetDependency section */
		A6FC615828A02A0300756C74 /* PBXTargetDependency */ = {
			isa = PBXTargetDependency;
			target = A6FC613F28A02A0100756C74 /* MammothTag */;
			targetProxy = A6FC615728A02A0300756C74 /* PBXContainerItemProxy */;
		};
		A6FC616228A02A0300756C74 /* PBXTargetDependency */ = {
			isa = PBXTargetDependency;
			target = A6FC613F28A02A0100756C74 /* MammothTag */;
			targetProxy = A6FC616128A02A0300756C74 /* PBXContainerItemProxy */;
		};
/* End PBXTargetDependency section */

/* Begin PBXVariantGroup section */
		A6979EA228A3DE92008C2B60 /* Localizable.strings */ = {
			isa = PBXVariantGroup;
			children = (
				A6979EA328A3DE92008C2B60 /* Base */,
				A6979EA528A3DEAD008C2B60 /* en */,
				A6979EA628A3DEB0008C2B60 /* ar */,
			);
			name = Localizable.strings;
			sourceTree = "<group>";
		};
		A6FC614928A02A0100756C74 /* Main.storyboard */ = {
			isa = PBXVariantGroup;
			children = (
				A6FC614A28A02A0100756C74 /* Base */,
				A6979EA028A3DE12008C2B60 /* ar */,
			);
			name = Main.storyboard;
			sourceTree = "<group>";
		};
		A6FC614E28A02A0300756C74 /* LaunchScreen.storyboard */ = {
			isa = PBXVariantGroup;
			children = (
				A6FC614F28A02A0300756C74 /* Base */,
				A6979EA128A3DE12008C2B60 /* ar */,
			);
			name = LaunchScreen.storyboard;
			sourceTree = "<group>";
		};
/* End PBXVariantGroup section */

/* Begin XCBuildConfiguration section */
		A6FC616828A02A0300756C74 /* Debug */ = {
			isa = XCBuildConfiguration;
			buildSettings = {
				ALWAYS_SEARCH_USER_PATHS = NO;
				CLANG_ANALYZER_LOCALIZABILITY_NONLOCALIZED = YES;
				CLANG_ANALYZER_NONNULL = YES;
				CLANG_ANALYZER_NUMBER_OBJECT_CONVERSION = YES_AGGRESSIVE;
				CLANG_CXX_LANGUAGE_STANDARD = "gnu++17";
				CLANG_ENABLE_MODULES = YES;
				CLANG_ENABLE_OBJC_ARC = YES;
				CLANG_ENABLE_OBJC_WEAK = YES;
				CLANG_WARN_BLOCK_CAPTURE_AUTORELEASING = YES;
				CLANG_WARN_BOOL_CONVERSION = YES;
				CLANG_WARN_COMMA = YES;
				CLANG_WARN_CONSTANT_CONVERSION = YES;
				CLANG_WARN_DEPRECATED_OBJC_IMPLEMENTATIONS = YES;
				CLANG_WARN_DIRECT_OBJC_ISA_USAGE = YES_ERROR;
				CLANG_WARN_DOCUMENTATION_COMMENTS = YES;
				CLANG_WARN_EMPTY_BODY = YES;
				CLANG_WARN_ENUM_CONVERSION = YES;
				CLANG_WARN_INFINITE_RECURSION = YES;
				CLANG_WARN_INT_CONVERSION = YES;
				CLANG_WARN_NON_LITERAL_NULL_CONVERSION = YES;
				CLANG_WARN_OBJC_IMPLICIT_RETAIN_SELF = YES;
				CLANG_WARN_OBJC_LITERAL_CONVERSION = YES;
				CLANG_WARN_OBJC_ROOT_CLASS = YES_ERROR;
				CLANG_WARN_QUOTED_INCLUDE_IN_FRAMEWORK_HEADER = YES;
				CLANG_WARN_RANGE_LOOP_ANALYSIS = YES;
				CLANG_WARN_STRICT_PROTOTYPES = YES;
				CLANG_WARN_SUSPICIOUS_MOVE = YES;
				CLANG_WARN_UNGUARDED_AVAILABILITY = YES_AGGRESSIVE;
				CLANG_WARN_UNREACHABLE_CODE = YES;
				CLANG_WARN__DUPLICATE_METHOD_MATCH = YES;
				COPY_PHASE_STRIP = NO;
				DEBUG_INFORMATION_FORMAT = dwarf;
				ENABLE_STRICT_OBJC_MSGSEND = YES;
				ENABLE_TESTABILITY = YES;
				GCC_C_LANGUAGE_STANDARD = gnu11;
				GCC_DYNAMIC_NO_PIC = NO;
				GCC_NO_COMMON_BLOCKS = YES;
				GCC_OPTIMIZATION_LEVEL = 0;
				GCC_PREPROCESSOR_DEFINITIONS = (
					"DEBUG=1",
					"$(inherited)",
				);
				GCC_WARN_64_TO_32_BIT_CONVERSION = YES;
				GCC_WARN_ABOUT_RETURN_TYPE = YES_ERROR;
				GCC_WARN_UNDECLARED_SELECTOR = YES;
				GCC_WARN_UNINITIALIZED_AUTOS = YES_AGGRESSIVE;
				GCC_WARN_UNUSED_FUNCTION = YES;
				GCC_WARN_UNUSED_VARIABLE = YES;
				IPHONEOS_DEPLOYMENT_TARGET = 15.4;
				MTL_ENABLE_DEBUG_INFO = INCLUDE_SOURCE;
				MTL_FAST_MATH = YES;
				ONLY_ACTIVE_ARCH = YES;
				SDKROOT = iphoneos;
				SWIFT_ACTIVE_COMPILATION_CONDITIONS = DEBUG;
				SWIFT_OPTIMIZATION_LEVEL = "-Onone";
			};
			name = Debug;
		};
		A6FC616928A02A0300756C74 /* Release */ = {
			isa = XCBuildConfiguration;
			buildSettings = {
				ALWAYS_SEARCH_USER_PATHS = NO;
				CLANG_ANALYZER_LOCALIZABILITY_NONLOCALIZED = YES;
				CLANG_ANALYZER_NONNULL = YES;
				CLANG_ANALYZER_NUMBER_OBJECT_CONVERSION = YES_AGGRESSIVE;
				CLANG_CXX_LANGUAGE_STANDARD = "gnu++17";
				CLANG_ENABLE_MODULES = YES;
				CLANG_ENABLE_OBJC_ARC = YES;
				CLANG_ENABLE_OBJC_WEAK = YES;
				CLANG_WARN_BLOCK_CAPTURE_AUTORELEASING = YES;
				CLANG_WARN_BOOL_CONVERSION = YES;
				CLANG_WARN_COMMA = YES;
				CLANG_WARN_CONSTANT_CONVERSION = YES;
				CLANG_WARN_DEPRECATED_OBJC_IMPLEMENTATIONS = YES;
				CLANG_WARN_DIRECT_OBJC_ISA_USAGE = YES_ERROR;
				CLANG_WARN_DOCUMENTATION_COMMENTS = YES;
				CLANG_WARN_EMPTY_BODY = YES;
				CLANG_WARN_ENUM_CONVERSION = YES;
				CLANG_WARN_INFINITE_RECURSION = YES;
				CLANG_WARN_INT_CONVERSION = YES;
				CLANG_WARN_NON_LITERAL_NULL_CONVERSION = YES;
				CLANG_WARN_OBJC_IMPLICIT_RETAIN_SELF = YES;
				CLANG_WARN_OBJC_LITERAL_CONVERSION = YES;
				CLANG_WARN_OBJC_ROOT_CLASS = YES_ERROR;
				CLANG_WARN_QUOTED_INCLUDE_IN_FRAMEWORK_HEADER = YES;
				CLANG_WARN_RANGE_LOOP_ANALYSIS = YES;
				CLANG_WARN_STRICT_PROTOTYPES = YES;
				CLANG_WARN_SUSPICIOUS_MOVE = YES;
				CLANG_WARN_UNGUARDED_AVAILABILITY = YES_AGGRESSIVE;
				CLANG_WARN_UNREACHABLE_CODE = YES;
				CLANG_WARN__DUPLICATE_METHOD_MATCH = YES;
				COPY_PHASE_STRIP = NO;
				DEBUG_INFORMATION_FORMAT = "dwarf-with-dsym";
				ENABLE_NS_ASSERTIONS = NO;
				ENABLE_STRICT_OBJC_MSGSEND = YES;
				GCC_C_LANGUAGE_STANDARD = gnu11;
				GCC_NO_COMMON_BLOCKS = YES;
				GCC_WARN_64_TO_32_BIT_CONVERSION = YES;
				GCC_WARN_ABOUT_RETURN_TYPE = YES_ERROR;
				GCC_WARN_UNDECLARED_SELECTOR = YES;
				GCC_WARN_UNINITIALIZED_AUTOS = YES_AGGRESSIVE;
				GCC_WARN_UNUSED_FUNCTION = YES;
				GCC_WARN_UNUSED_VARIABLE = YES;
				IPHONEOS_DEPLOYMENT_TARGET = 15.4;
				MTL_ENABLE_DEBUG_INFO = NO;
				MTL_FAST_MATH = YES;
				SDKROOT = iphoneos;
				SWIFT_COMPILATION_MODE = wholemodule;
				SWIFT_OPTIMIZATION_LEVEL = "-O";
				VALIDATE_PRODUCT = YES;
			};
			name = Release;
		};
		A6FC616B28A02A0300756C74 /* Debug */ = {
			isa = XCBuildConfiguration;
			baseConfigurationReference = 129818B978A2A3FF9537A71D /* Pods-MammothTag.debug.xcconfig */;
			buildSettings = {
				ASSETCATALOG_COMPILER_APPICON_NAME = AppIcon;
				ASSETCATALOG_COMPILER_GLOBAL_ACCENT_COLOR_NAME = AccentColor;
				CODE_SIGN_ENTITLEMENTS = MammothTag/MammothTag.entitlements;
				CODE_SIGN_STYLE = Automatic;
				CURRENT_PROJECT_VERSION = 1;
				DEVELOPMENT_TEAM = DQLF6YUAM4;
				GENERATE_INFOPLIST_FILE = YES;
				INFOPLIST_FILE = MammothTag/Info.plist;
				INFOPLIST_KEY_CFBundleDisplayName = MAMMOTHTAG;
				INFOPLIST_KEY_NFCReaderUsageDescription = "NFC tag to read NDEF messages into the application";
				INFOPLIST_KEY_NSCameraUsageDescription = "MammothTag would like to access your camera";
				INFOPLIST_KEY_NSPhotoLibraryUsageDescription = "MammothTag would like to access your photo";
				INFOPLIST_KEY_UIApplicationSupportsIndirectInputEvents = YES;
				INFOPLIST_KEY_UILaunchStoryboardName = LaunchScreen;
				INFOPLIST_KEY_UIMainStoryboardFile = Authentification;
				INFOPLIST_KEY_UIRequiredDeviceCapabilities = armv7;
				INFOPLIST_KEY_UISupportedInterfaceOrientations = "UIInterfaceOrientationPortrait UIInterfaceOrientationLandscapeLeft UIInterfaceOrientationLandscapeRight";
				INFOPLIST_KEY_UISupportedInterfaceOrientations_iPad = "UIInterfaceOrientationPortrait UIInterfaceOrientationPortraitUpsideDown UIInterfaceOrientationLandscapeLeft UIInterfaceOrientationLandscapeRight";
				INFOPLIST_KEY_UISupportedInterfaceOrientations_iPhone = "UIInterfaceOrientationPortrait UIInterfaceOrientationLandscapeLeft UIInterfaceOrientationLandscapeRight";
				INFOPLIST_KEY_WKRunsIndependentlyOfCompanionApp = NO;
				IPHONEOS_DEPLOYMENT_TARGET = 14.0;
				LD_RUNPATH_SEARCH_PATHS = (
					"$(inherited)",
					"@executable_path/Frameworks",
				);
				MARKETING_VERSION = 1.0;
				PRODUCT_BUNDLE_IDENTIFIER = "com.-MammothTag.123.MammothTag";
				PRODUCT_NAME = "$(TARGET_NAME)";
				SWIFT_EMIT_LOC_STRINGS = YES;
				SWIFT_VERSION = 5.0;
				TARGETED_DEVICE_FAMILY = "1,2";
			};
			name = Debug;
		};
		A6FC616C28A02A0300756C74 /* Release */ = {
			isa = XCBuildConfiguration;
			baseConfigurationReference = 2EFC469A172477E0EE8CFC7C /* Pods-MammothTag.release.xcconfig */;
			buildSettings = {
				ASSETCATALOG_COMPILER_APPICON_NAME = AppIcon;
				ASSETCATALOG_COMPILER_GLOBAL_ACCENT_COLOR_NAME = AccentColor;
				CODE_SIGN_ENTITLEMENTS = MammothTag/MammothTag.entitlements;
				CODE_SIGN_STYLE = Automatic;
				CURRENT_PROJECT_VERSION = 1;
				DEVELOPMENT_TEAM = DQLF6YUAM4;
				GENERATE_INFOPLIST_FILE = YES;
				INFOPLIST_FILE = MammothTag/Info.plist;
				INFOPLIST_KEY_CFBundleDisplayName = MAMMOTHTAG;
				INFOPLIST_KEY_NFCReaderUsageDescription = "NFC tag to read NDEF messages into the application";
				INFOPLIST_KEY_NSCameraUsageDescription = "MammothTag would like to access your camera";
				INFOPLIST_KEY_NSPhotoLibraryUsageDescription = "MammothTag would like to access your photo";
				INFOPLIST_KEY_UIApplicationSupportsIndirectInputEvents = YES;
				INFOPLIST_KEY_UILaunchStoryboardName = LaunchScreen;
				INFOPLIST_KEY_UIMainStoryboardFile = Authentification;
				INFOPLIST_KEY_UIRequiredDeviceCapabilities = armv7;
				INFOPLIST_KEY_UISupportedInterfaceOrientations = "UIInterfaceOrientationPortrait UIInterfaceOrientationLandscapeLeft UIInterfaceOrientationLandscapeRight";
				INFOPLIST_KEY_UISupportedInterfaceOrientations_iPad = "UIInterfaceOrientationPortrait UIInterfaceOrientationPortraitUpsideDown UIInterfaceOrientationLandscapeLeft UIInterfaceOrientationLandscapeRight";
				INFOPLIST_KEY_UISupportedInterfaceOrientations_iPhone = "UIInterfaceOrientationPortrait UIInterfaceOrientationLandscapeLeft UIInterfaceOrientationLandscapeRight";
				INFOPLIST_KEY_WKRunsIndependentlyOfCompanionApp = NO;
				IPHONEOS_DEPLOYMENT_TARGET = 14.0;
				LD_RUNPATH_SEARCH_PATHS = (
					"$(inherited)",
					"@executable_path/Frameworks",
				);
				MARKETING_VERSION = 1.0;
				PRODUCT_BUNDLE_IDENTIFIER = "com.-MammothTag.123.MammothTag";
				PRODUCT_NAME = "$(TARGET_NAME)";
				SWIFT_EMIT_LOC_STRINGS = YES;
				SWIFT_VERSION = 5.0;
				TARGETED_DEVICE_FAMILY = "1,2";
			};
			name = Release;
		};
		A6FC616E28A02A0300756C74 /* Debug */ = {
			isa = XCBuildConfiguration;
			baseConfigurationReference = 34B264BA4192CEFB5882D49A /* Pods-MammothTagTests.debug.xcconfig */;
			buildSettings = {
				ALWAYS_EMBED_SWIFT_STANDARD_LIBRARIES = YES;
				BUNDLE_LOADER = "$(TEST_HOST)";
				CODE_SIGN_STYLE = Automatic;
				CURRENT_PROJECT_VERSION = 1;
				DEVELOPMENT_TEAM = DQLF6YUAM4;
				GENERATE_INFOPLIST_FILE = YES;
				IPHONEOS_DEPLOYMENT_TARGET = 15.4;
				MARKETING_VERSION = 1.0;
				PRODUCT_BUNDLE_IDENTIFIER = "com.-MammothTag.123.MammothTagTests";
				PRODUCT_NAME = "$(TARGET_NAME)";
				SWIFT_EMIT_LOC_STRINGS = NO;
				SWIFT_VERSION = 5.0;
				TARGETED_DEVICE_FAMILY = "1,2";
				TEST_HOST = "$(BUILT_PRODUCTS_DIR)/MammothTag.app/MammothTag";
			};
			name = Debug;
		};
		A6FC616F28A02A0300756C74 /* Release */ = {
			isa = XCBuildConfiguration;
			baseConfigurationReference = 7B8780D119D8D6016A8FE39F /* Pods-MammothTagTests.release.xcconfig */;
			buildSettings = {
				ALWAYS_EMBED_SWIFT_STANDARD_LIBRARIES = YES;
				BUNDLE_LOADER = "$(TEST_HOST)";
				CODE_SIGN_STYLE = Automatic;
				CURRENT_PROJECT_VERSION = 1;
				DEVELOPMENT_TEAM = DQLF6YUAM4;
				GENERATE_INFOPLIST_FILE = YES;
				IPHONEOS_DEPLOYMENT_TARGET = 15.4;
				MARKETING_VERSION = 1.0;
				PRODUCT_BUNDLE_IDENTIFIER = "com.-MammothTag.123.MammothTagTests";
				PRODUCT_NAME = "$(TARGET_NAME)";
				SWIFT_EMIT_LOC_STRINGS = NO;
				SWIFT_VERSION = 5.0;
				TARGETED_DEVICE_FAMILY = "1,2";
				TEST_HOST = "$(BUILT_PRODUCTS_DIR)/MammothTag.app/MammothTag";
			};
			name = Release;
		};
		A6FC617128A02A0300756C74 /* Debug */ = {
			isa = XCBuildConfiguration;
			baseConfigurationReference = EA02DFB3308744DBB64AC421 /* Pods-MammothTag-MammothTagUITests.debug.xcconfig */;
			buildSettings = {
				ALWAYS_EMBED_SWIFT_STANDARD_LIBRARIES = YES;
				CODE_SIGN_STYLE = Automatic;
				CURRENT_PROJECT_VERSION = 1;
				DEVELOPMENT_TEAM = DQLF6YUAM4;
				GENERATE_INFOPLIST_FILE = YES;
				MARKETING_VERSION = 1.0;
				PRODUCT_BUNDLE_IDENTIFIER = "com.-MammothTag.123.MammothTagUITests";
				PRODUCT_NAME = "$(TARGET_NAME)";
				SWIFT_EMIT_LOC_STRINGS = NO;
				SWIFT_VERSION = 5.0;
				TARGETED_DEVICE_FAMILY = "1,2";
				TEST_TARGET_NAME = MammothTag;
			};
			name = Debug;
		};
		A6FC617228A02A0300756C74 /* Release */ = {
			isa = XCBuildConfiguration;
			baseConfigurationReference = 4A6F511C1421FD80267F9437 /* Pods-MammothTag-MammothTagUITests.release.xcconfig */;
			buildSettings = {
				ALWAYS_EMBED_SWIFT_STANDARD_LIBRARIES = YES;
				CODE_SIGN_STYLE = Automatic;
				CURRENT_PROJECT_VERSION = 1;
				DEVELOPMENT_TEAM = DQLF6YUAM4;
				GENERATE_INFOPLIST_FILE = YES;
				MARKETING_VERSION = 1.0;
				PRODUCT_BUNDLE_IDENTIFIER = "com.-MammothTag.123.MammothTagUITests";
				PRODUCT_NAME = "$(TARGET_NAME)";
				SWIFT_EMIT_LOC_STRINGS = NO;
				SWIFT_VERSION = 5.0;
				TARGETED_DEVICE_FAMILY = "1,2";
				TEST_TARGET_NAME = MammothTag;
			};
			name = Release;
		};
/* End XCBuildConfiguration section */

/* Begin XCConfigurationList section */
		A6FC613B28A02A0100756C74 /* Build configuration list for PBXProject "MammothTag" */ = {
			isa = XCConfigurationList;
			buildConfigurations = (
				A6FC616828A02A0300756C74 /* Debug */,
				A6FC616928A02A0300756C74 /* Release */,
			);
			defaultConfigurationIsVisible = 0;
			defaultConfigurationName = Release;
		};
		A6FC616A28A02A0300756C74 /* Build configuration list for PBXNativeTarget "MammothTag" */ = {
			isa = XCConfigurationList;
			buildConfigurations = (
				A6FC616B28A02A0300756C74 /* Debug */,
				A6FC616C28A02A0300756C74 /* Release */,
			);
			defaultConfigurationIsVisible = 0;
			defaultConfigurationName = Release;
		};
		A6FC616D28A02A0300756C74 /* Build configuration list for PBXNativeTarget "MammothTagTests" */ = {
			isa = XCConfigurationList;
			buildConfigurations = (
				A6FC616E28A02A0300756C74 /* Debug */,
				A6FC616F28A02A0300756C74 /* Release */,
			);
			defaultConfigurationIsVisible = 0;
			defaultConfigurationName = Release;
		};
		A6FC617028A02A0300756C74 /* Build configuration list for PBXNativeTarget "MammothTagUITests" */ = {
			isa = XCConfigurationList;
			buildConfigurations = (
				A6FC617128A02A0300756C74 /* Debug */,
				A6FC617228A02A0300756C74 /* Release */,
			);
			defaultConfigurationIsVisible = 0;
			defaultConfigurationName = Release;
		};
/* End XCConfigurationList section */
	};
	rootObject = A6FC613828A02A0100756C74 /* Project object */;
}
