// !$*UTF8*$!
{
	archiveVersion = 1;
	classes = {
	};
	objectVersion = 55;
	objects = {

/* Begin PBXBuildFile section */
		A6FC614428A02A0100756C74 /* AppDelegate.swift in Sources */ = {isa = PBXBuildFile; fileRef = A6FC614328A02A0100756C74 /* AppDelegate.swift */; };
		A6FC614628A02A0100756C74 /* SceneDelegate.swift in Sources */ = {isa = PBXBuildFile; fileRef = A6FC614528A02A0100756C74 /* SceneDelegate.swift */; };
		A6FC614828A02A0100756C74 /* ViewController.swift in Sources */ = {isa = PBXBuildFile; fileRef = A6FC614728A02A0100756C74 /* ViewController.swift */; };
		A6FC614B28A02A0100756C74 /* Main.storyboard in Resources */ = {isa = PBXBuildFile; fileRef = A6FC614928A02A0100756C74 /* Main.storyboard */; };
		A6FC614D28A02A0300756C74 /* Assets.xcassets in Resources */ = {isa = PBXBuildFile; fileRef = A6FC614C28A02A0300756C74 /* Assets.xcassets */; };
		A6FC615028A02A0300756C74 /* LaunchScreen.storyboard in Resources */ = {isa = PBXBuildFile; fileRef = A6FC614E28A02A0300756C74 /* LaunchScreen.storyboard */; };
		A6FC615B28A02A0300756C74 /* MammothTagTests.swift in Sources */ = {isa = PBXBuildFile; fileRef = A6FC615A28A02A0300756C74 /* MammothTagTests.swift */; };
		A6FC616528A02A0300756C74 /* MammothTagUITests.swift in Sources */ = {isa = PBXBuildFile; fileRef = A6FC616428A02A0300756C74 /* MammothTagUITests.swift */; };
		A6FC616728A02A0300756C74 /* MammothTagUITestsLaunchTests.swift in Sources */ = {isa = PBXBuildFile; fileRef = A6FC616628A02A0300756C74 /* MammothTagUITestsLaunchTests.swift */; };
/* End PBXBuildFile section */

/* Begin PBXContainerItemProxy section */
		A6FC615728A02A0300756C74 /* PBXContainerItemProxy */ = {
			isa = PBXContainerItemProxy;
			containerPortal = A6FC613828A02A0100756C74 /* Project object */;
			proxyType = 1;
			remoteGlobalIDString = A6FC613F28A02A0100756C74;
			remoteInfo = MammothTag;
		};
		A6FC616128A02A0300756C74 /* PBXContainerItemProxy */ = {
			isa = PBXContainerItemProxy;
			containerPortal = A6FC613828A02A0100756C74 /* Project object */;
			proxyType = 1;
			remoteGlobalIDString = A6FC613F28A02A0100756C74;
			remoteInfo = MammothTag;
		};
/* End PBXContainerItemProxy section */

/* Begin PBXFileReference section */
		A6FC614028A02A0100756C74 /* MammothTag.app */ = {isa = PBXFileReference; explicitFileType = wrapper.application; includeInIndex = 0; path = MammothTag.app; sourceTree = BUILT_PRODUCTS_DIR; };
		A6FC614328A02A0100756C74 /* AppDelegate.swift */ = {isa = PBXFileReference; lastKnownFileType = sourcecode.swift; path = AppDelegate.swift; sourceTree = "<group>"; };
		A6FC614528A02A0100756C74 /* SceneDelegate.swift */ = {isa = PBXFileReference; lastKnownFileType = sourcecode.swift; path = SceneDelegate.swift; sourceTree = "<group>"; };
		A6FC614728A02A0100756C74 /* ViewController.swift */ = {isa = PBXFileReference; lastKnownFileType = sourcecode.swift; path = ViewController.swift; sourceTree = "<group>"; };
		A6FC614A28A02A0100756C74 /* Base */ = {isa = PBXFileReference; lastKnownFileType = file.storyboard; name = Base; path = Base.lproj/Main.storyboard; sourceTree = "<group>"; };
		A6FC614C28A02A0300756C74 /* Assets.xcassets */ = {isa = PBXFileReference; lastKnownFileType = folder.assetcatalog; path = Assets.xcassets; sourceTree = "<group>"; };
		A6FC614F28A02A0300756C74 /* Base */ = {isa = PBXFileReference; lastKnownFileType = file.storyboard; name = Base; path = Base.lproj/LaunchScreen.storyboard; sourceTree = "<group>"; };
		A6FC615128A02A0300756C74 /* Info.plist */ = {isa = PBXFileReference; lastKnownFileType = text.plist.xml; path = Info.plist; sourceTree = "<group>"; };
		A6FC615628A02A0300756C74 /* MammothTagTests.xctest */ = {isa = PBXFileReference; explicitFileType = wrapper.cfbundle; includeInIndex = 0; path = MammothTagTests.xctest; sourceTree = BUILT_PRODUCTS_DIR; };
		A6FC615A28A02A0300756C74 /* MammothTagTests.swift */ = {isa = PBXFileReference; lastKnownFileType = sourcecode.swift; path = MammothTagTests.swift; sourceTree = "<group>"; };
		A6FC616028A02A0300756C74 /* MammothTagUITests.xctest */ = {isa = PBXFileReference; explicitFileType = wrapper.cfbundle; includeInIndex = 0; path = MammothTagUITests.xctest; sourceTree = BUILT_PRODUCTS_DIR; };
		A6FC616428A02A0300756C74 /* MammothTagUITests.swift */ = {isa = PBXFileReference; lastKnownFileType = sourcecode.swift; path = MammothTagUITests.swift; sourceTree = "<group>"; };
		A6FC616628A02A0300756C74 /* MammothTagUITestsLaunchTests.swift */ = {isa = PBXFileReference; lastKnownFileType = sourcecode.swift; path = MammothTagUITestsLaunchTests.swift; sourceTree = "<group>"; };
/* End PBXFileReference section */

/* Begin PBXFrameworksBuildPhase section */
		A6FC613D28A02A0100756C74 /* Frameworks */ = {
			isa = PBXFrameworksBuildPhase;
			buildActionMask = 2147483647;
			files = (
			);
			runOnlyForDeploymentPostprocessing = 0;
		};
		A6FC615328A02A0300756C74 /* Frameworks */ = {
			isa = PBXFrameworksBuildPhase;
			buildActionMask = 2147483647;
			files = (
			);
			runOnlyForDeploymentPostprocessing = 0;
		};
		A6FC615D28A02A0300756C74 /* Frameworks */ = {
			isa = PBXFrameworksBuildPhase;
			buildActionMask = 2147483647;
			files = (
			);
			runOnlyForDeploymentPostprocessing = 0;
		};
/* End PBXFrameworksBuildPhase section */

/* Begin PBXGroup section */
		A6FC613728A02A0100756C74 = {
			isa = PBXGroup;
			children = (
				A6FC614228A02A0100756C74 /* MammothTag */,
				A6FC615928A02A0300756C74 /* MammothTagTests */,
				A6FC616328A02A0300756C74 /* MammothTagUITests */,
				A6FC614128A02A0100756C74 /* Products */,
			);
			sourceTree = "<group>";
		};
		A6FC614128A02A0100756C74 /* Products */ = {
			isa = PBXGroup;
			children = (
				A6FC614028A02A0100756C74 /* MammothTag.app */,
				A6FC615628A02A0300756C74 /* MammothTagTests.xctest */,
				A6FC616028A02A0300756C74 /* MammothTagUITests.xctest */,
			);
			name = Products;
			sourceTree = "<group>";
		};
		A6FC614228A02A0100756C74 /* MammothTag */ = {
			isa = PBXGroup;
			children = (
				A6FC614328A02A0100756C74 /* AppDelegate.swift */,
				A6FC614528A02A0100756C74 /* SceneDelegate.swift */,
				A6FC614728A02A0100756C74 /* ViewController.swift */,
				A6FC614928A02A0100756C74 /* Main.storyboard */,
				A6FC614C28A02A0300756C74 /* Assets.xcassets */,
				A6FC614E28A02A0300756C74 /* LaunchScreen.storyboard */,
				A6FC615128A02A0300756C74 /* Info.plist */,
			);
			path = MammothTag;
			sourceTree = "<group>";
		};
		A6FC615928A02A0300756C74 /* MammothTagTests */ = {
			isa = PBXGroup;
			children = (
				A6FC615A28A02A0300756C74 /* MammothTagTests.swift */,
			);
			path = MammothTagTests;
			sourceTree = "<group>";
		};
		A6FC616328A02A0300756C74 /* MammothTagUITests */ = {
			isa = PBXGroup;
			children = (
				A6FC616428A02A0300756C74 /* MammothTagUITests.swift */,
				A6FC616628A02A0300756C74 /* MammothTagUITestsLaunchTests.swift */,
			);
			path = MammothTagUITests;
			sourceTree = "<group>";
		};
/* End PBXGroup section */

/* Begin PBXNativeTarget section */
		A6FC613F28A02A0100756C74 /* MammothTag */ = {
			isa = PBXNativeTarget;
			buildConfigurationList = A6FC616A28A02A0300756C74 /* Build configuration list for PBXNativeTarget "MammothTag" */;
			buildPhases = (
				A6FC613C28A02A0100756C74 /* Sources */,
				A6FC613D28A02A0100756C74 /* Frameworks */,
				A6FC613E28A02A0100756C74 /* Resources */,
			);
			buildRules = (
			);
			dependencies = (
			);
			name = MammothTag;
			productName = MammothTag;
			productReference = A6FC614028A02A0100756C74 /* MammothTag.app */;
			productType = "com.apple.product-type.application";
		};
		A6FC615528A02A0300756C74 /* MammothTagTests */ = {
			isa = PBXNativeTarget;
			buildConfigurationList = A6FC616D28A02A0300756C74 /* Build configuration list for PBXNativeTarget "MammothTagTests" */;
			buildPhases = (
				A6FC615228A02A0300756C74 /* Sources */,
				A6FC615328A02A0300756C74 /* Frameworks */,
				A6FC615428A02A0300756C74 /* Resources */,
			);
			buildRules = (
			);
			dependencies = (
				A6FC615828A02A0300756C74 /* PBXTargetDependency */,
			);
			name = MammothTagTests;
			productName = MammothTagTests;
			productReference = A6FC615628A02A0300756C74 /* MammothTagTests.xctest */;
			productType = "com.apple.product-type.bundle.unit-test";
		};
		A6FC615F28A02A0300756C74 /* MammothTagUITests */ = {
			isa = PBXNativeTarget;
			buildConfigurationList = A6FC617028A02A0300756C74 /* Build configuration list for PBXNativeTarget "MammothTagUITests" */;
			buildPhases = (
				A6FC615C28A02A0300756C74 /* Sources */,
				A6FC615D28A02A0300756C74 /* Frameworks */,
				A6FC615E28A02A0300756C74 /* Resources */,
			);
			buildRules = (
			);
			dependencies = (
				A6FC616228A02A0300756C74 /* PBXTargetDependency */,
			);
			name = MammothTagUITests;
			productName = MammothTagUITests;
			productReference = A6FC616028A02A0300756C74 /* MammothTagUITests.xctest */;
			productType = "com.apple.product-type.bundle.ui-testing";
		};
/* End PBXNativeTarget section */

/* Begin PBXProject section */
		A6FC613828A02A0100756C74 /* Project object */ = {
			isa = PBXProject;
			attributes = {
				BuildIndependentTargetsInParallel = 1;
				LastSwiftUpdateCheck = 1330;
				LastUpgradeCheck = 1330;
				TargetAttributes = {
					A6FC613F28A02A0100756C74 = {
						CreatedOnToolsVersion = 13.3;
					};
					A6FC615528A02A0300756C74 = {
						CreatedOnToolsVersion = 13.3;
						TestTargetID = A6FC613F28A02A0100756C74;
					};
					A6FC615F28A02A0300756C74 = {
						CreatedOnToolsVersion = 13.3;
						TestTargetID = A6FC613F28A02A0100756C74;
					};
				};
			};
			buildConfigurationList = A6FC613B28A02A0100756C74 /* Build configuration list for PBXProject "MammothTag" */;
			compatibilityVersion = "Xcode 13.0";
			developmentRegion = en;
			hasScannedForEncodings = 0;
			knownRegions = (
				en,
				Base,
			);
			mainGroup = A6FC613728A02A0100756C74;
			productRefGroup = A6FC614128A02A0100756C74 /* Products */;
			projectDirPath = "";
			projectRoot = "";
			targets = (
				A6FC613F28A02A0100756C74 /* MammothTag */,
				A6FC615528A02A0300756C74 /* MammothTagTests */,
				A6FC615F28A02A0300756C74 /* MammothTagUITests */,
			);
		};
/* End PBXProject section */

/* Begin PBXResourcesBuildPhase section */
		A6FC613E28A02A0100756C74 /* Resources */ = {
			isa = PBXResourcesBuildPhase;
			buildActionMask = 2147483647;
			files = (
				A6FC615028A02A0300756C74 /* LaunchScreen.storyboard in Resources */,
				A6FC614D28A02A0300756C74 /* Assets.xcassets in Resources */,
				A6FC614B28A02A0100756C74 /* Main.storyboard in Resources */,
			);
			runOnlyForDeploymentPostprocessing = 0;
		};
		A6FC615428A02A0300756C74 /* Resources */ = {
			isa = PBXResourcesBuildPhase;
			buildActionMask = 2147483647;
			files = (
			);
			runOnlyForDeploymentPostprocessing = 0;
		};
		A6FC615E28A02A0300756C74 /* Resources */ = {
			isa = PBXResourcesBuildPhase;
			buildActionMask = 2147483647;
			files = (
			);
			runOnlyForDeploymentPostprocessing = 0;
		};
/* End PBXResourcesBuildPhase section */

/* Begin PBXSourcesBuildPhase section */
		A6FC613C28A02A0100756C74 /* Sources */ = {
			isa = PBXSourcesBuildPhase;
			buildActionMask = 2147483647;
			files = (
				A6FC614828A02A0100756C74 /* ViewController.swift in Sources */,
				A6FC614428A02A0100756C74 /* AppDelegate.swift in Sources */,
				A6FC614628A02A0100756C74 /* SceneDelegate.swift in Sources */,
			);
			runOnlyForDeploymentPostprocessing = 0;
		};
		A6FC615228A02A0300756C74 /* Sources */ = {
			isa = PBXSourcesBuildPhase;
			buildActionMask = 2147483647;
			files = (
				A6FC615B28A02A0300756C74 /* MammothTagTests.swift in Sources */,
			);
			runOnlyForDeploymentPostprocessing = 0;
		};
		A6FC615C28A02A0300756C74 /* Sources */ = {
			isa = PBXSourcesBuildPhase;
			buildActionMask = 2147483647;
			files = (
				A6FC616528A02A0300756C74 /* MammothTagUITests.swift in Sources */,
				A6FC616728A02A0300756C74 /* MammothTagUITestsLaunchTests.swift in Sources */,
			);
			runOnlyForDeploymentPostprocessing = 0;
		};
/* End PBXSourcesBuildPhase section */

/* Begin PBXTargetDependency section */
		A6FC615828A02A0300756C74 /* PBXTargetDependency */ = {
			isa = PBXTargetDependency;
			target = A6FC613F28A02A0100756C74 /* MammothTag */;
			targetProxy = A6FC615728A02A0300756C74 /* PBXContainerItemProxy */;
		};
		A6FC616228A02A0300756C74 /* PBXTargetDependency */ = {
			isa = PBXTargetDependency;
			target = A6FC613F28A02A0100756C74 /* MammothTag */;
			targetProxy = A6FC616128A02A0300756C74 /* PBXContainerItemProxy */;
		};
/* End PBXTargetDependency section */

/* Begin PBXVariantGroup section */
		A6FC614928A02A0100756C74 /* Main.storyboard */ = {
			isa = PBXVariantGroup;
			children = (
				A6FC614A28A02A0100756C74 /* Base */,
			);
			name = Main.storyboard;
			sourceTree = "<group>";
		};
		A6FC614E28A02A0300756C74 /* LaunchScreen.storyboard */ = {
			isa = PBXVariantGroup;
			children = (
				A6FC614F28A02A0300756C74 /* Base */,
			);
			name = LaunchScreen.storyboard;
			sourceTree = "<group>";
		};
/* End PBXVariantGroup section */

/* Begin XCBuildConfiguration section */
		A6FC616828A02A0300756C74 /* Debug */ = {
			isa = XCBuildConfiguration;
			buildSettings = {
				ALWAYS_SEARCH_USER_PATHS = NO;
				CLANG_ANALYZER_NONNULL = YES;
				CLANG_ANALYZER_NUMBER_OBJECT_CONVERSION = YES_AGGRESSIVE;
				CLANG_CXX_LANGUAGE_STANDARD = "gnu++17";
				CLANG_ENABLE_MODULES = YES;
				CLANG_ENABLE_OBJC_ARC = YES;
				CLANG_ENABLE_OBJC_WEAK = YES;
				CLANG_WARN_BLOCK_CAPTURE_AUTORELEASING = YES;
				CLANG_WARN_BOOL_CONVERSION = YES;
				CLANG_WARN_COMMA = YES;
				CLANG_WARN_CONSTANT_CONVERSION = YES;
				CLANG_WARN_DEPRECATED_OBJC_IMPLEMENTATIONS = YES;
				CLANG_WARN_DIRECT_OBJC_ISA_USAGE = YES_ERROR;
				CLANG_WARN_DOCUMENTATION_COMMENTS = YES;
				CLANG_WARN_EMPTY_BODY = YES;
				CLANG_WARN_ENUM_CONVERSION = YES;
				CLANG_WARN_INFINITE_RECURSION = YES;
				CLANG_WARN_INT_CONVERSION = YES;
				CLANG_WARN_NON_LITERAL_NULL_CONVERSION = YES;
				CLANG_WARN_OBJC_IMPLICIT_RETAIN_SELF = YES;
				CLANG_WARN_OBJC_LITERAL_CONVERSION = YES;
				CLANG_WARN_OBJC_ROOT_CLASS = YES_ERROR;
				CLANG_WARN_QUOTED_INCLUDE_IN_FRAMEWORK_HEADER = YES;
				CLANG_WARN_RANGE_LOOP_ANALYSIS = YES;
				CLANG_WARN_STRICT_PROTOTYPES = YES;
				CLANG_WARN_SUSPICIOUS_MOVE = YES;
				CLANG_WARN_UNGUARDED_AVAILABILITY = YES_AGGRESSIVE;
				CLANG_WARN_UNREACHABLE_CODE = YES;
				CLANG_WARN__DUPLICATE_METHOD_MATCH = YES;
				COPY_PHASE_STRIP = NO;
				DEBUG_INFORMATION_FORMAT = dwarf;
				ENABLE_STRICT_OBJC_MSGSEND = YES;
				ENABLE_TESTABILITY = YES;
				GCC_C_LANGUAGE_STANDARD = gnu11;
				GCC_DYNAMIC_NO_PIC = NO;
				GCC_NO_COMMON_BLOCKS = YES;
				GCC_OPTIMIZATION_LEVEL = 0;
				GCC_PREPROCESSOR_DEFINITIONS = (
					"DEBUG=1",
					"$(inherited)",
				);
				GCC_WARN_64_TO_32_BIT_CONVERSION = YES;
				GCC_WARN_ABOUT_RETURN_TYPE = YES_ERROR;
				GCC_WARN_UNDECLARED_SELECTOR = YES;
				GCC_WARN_UNINITIALIZED_AUTOS = YES_AGGRESSIVE;
				GCC_WARN_UNUSED_FUNCTION = YES;
				GCC_WARN_UNUSED_VARIABLE = YES;
				IPHONEOS_DEPLOYMENT_TARGET = 15.4;
				MTL_ENABLE_DEBUG_INFO = INCLUDE_SOURCE;
				MTL_FAST_MATH = YES;
				ONLY_ACTIVE_ARCH = YES;
				SDKROOT = iphoneos;
				SWIFT_ACTIVE_COMPILATION_CONDITIONS = DEBUG;
				SWIFT_OPTIMIZATION_LEVEL = "-Onone";
			};
			name = Debug;
		};
		A6FC616928A02A0300756C74 /* Release */ = {
			isa = XCBuildConfiguration;
			buildSettings = {
				ALWAYS_SEARCH_USER_PATHS = NO;
				CLANG_ANALYZER_NONNULL = YES;
				CLANG_ANALYZER_NUMBER_OBJECT_CONVERSION = YES_AGGRESSIVE;
				CLANG_CXX_LANGUAGE_STANDARD = "gnu++17";
				CLANG_ENABLE_MODULES = YES;
				CLANG_ENABLE_OBJC_ARC = YES;
				CLANG_ENABLE_OBJC_WEAK = YES;
				CLANG_WARN_BLOCK_CAPTURE_AUTORELEASING = YES;
				CLANG_WARN_BOOL_CONVERSION = YES;
				CLANG_WARN_COMMA = YES;
				CLANG_WARN_CONSTANT_CONVERSION = YES;
				CLANG_WARN_DEPRECATED_OBJC_IMPLEMENTATIONS = YES;
				CLANG_WARN_DIRECT_OBJC_ISA_USAGE = YES_ERROR;
				CLANG_WARN_DOCUMENTATION_COMMENTS = YES;
				CLANG_WARN_EMPTY_BODY = YES;
				CLANG_WARN_ENUM_CONVERSION = YES;
				CLANG_WARN_INFINITE_RECURSION = YES;
				CLANG_WARN_INT_CONVERSION = YES;
				CLANG_WARN_NON_LITERAL_NULL_CONVERSION = YES;
				CLANG_WARN_OBJC_IMPLICIT_RETAIN_SELF = YES;
				CLANG_WARN_OBJC_LITERAL_CONVERSION = YES;
				CLANG_WARN_OBJC_ROOT_CLASS = YES_ERROR;
				CLANG_WARN_QUOTED_INCLUDE_IN_FRAMEWORK_HEADER = YES;
				CLANG_WARN_RANGE_LOOP_ANALYSIS = YES;
				CLANG_WARN_STRICT_PROTOTYPES = YES;
				CLANG_WARN_SUSPICIOUS_MOVE = YES;
				CLANG_WARN_UNGUARDED_AVAILABILITY = YES_AGGRESSIVE;
				CLANG_WARN_UNREACHABLE_CODE = YES;
				CLANG_WARN__DUPLICATE_METHOD_MATCH = YES;
				COPY_PHASE_STRIP = NO;
				DEBUG_INFORMATION_FORMAT = "dwarf-with-dsym";
				ENABLE_NS_ASSERTIONS = NO;
				ENABLE_STRICT_OBJC_MSGSEND = YES;
				GCC_C_LANGUAGE_STANDARD = gnu11;
				GCC_NO_COMMON_BLOCKS = YES;
				GCC_WARN_64_TO_32_BIT_CONVERSION = YES;
				GCC_WARN_ABOUT_RETURN_TYPE = YES_ERROR;
				GCC_WARN_UNDECLARED_SELECTOR = YES;
				GCC_WARN_UNINITIALIZED_AUTOS = YES_AGGRESSIVE;
				GCC_WARN_UNUSED_FUNCTION = YES;
				GCC_WARN_UNUSED_VARIABLE = YES;
				IPHONEOS_DEPLOYMENT_TARGET = 15.4;
				MTL_ENABLE_DEBUG_INFO = NO;
				MTL_FAST_MATH = YES;
				SDKROOT = iphoneos;
				SWIFT_COMPILATION_MODE = wholemodule;
				SWIFT_OPTIMIZATION_LEVEL = "-O";
				VALIDATE_PRODUCT = YES;
			};
			name = Release;
		};
		A6FC616B28A02A0300756C74 /* Debug */ = {
			isa = XCBuildConfiguration;
			buildSettings = {
				ASSETCATALOG_COMPILER_APPICON_NAME = AppIcon;
				ASSETCATALOG_COMPILER_GLOBAL_ACCENT_COLOR_NAME = AccentColor;
				CODE_SIGN_STYLE = Automatic;
				CURRENT_PROJECT_VERSION = 1;
				DEVELOPMENT_TEAM = DQLF6YUAM4;
				GENERATE_INFOPLIST_FILE = YES;
				INFOPLIST_FILE = MammothTag/Info.plist;
				INFOPLIST_KEY_UIApplicationSupportsIndirectInputEvents = YES;
				INFOPLIST_KEY_UILaunchStoryboardName = LaunchScreen;
				INFOPLIST_KEY_UIMainStoryboardFile = Main;
				INFOPLIST_KEY_UISupportedInterfaceOrientations_iPad = "UIInterfaceOrientationPortrait UIInterfaceOrientationPortraitUpsideDown UIInterfaceOrientationLandscapeLeft UIInterfaceOrientationLandscapeRight";
				INFOPLIST_KEY_UISupportedInterfaceOrientations_iPhone = "UIInterfaceOrientationPortrait UIInterfaceOrientationLandscapeLeft UIInterfaceOrientationLandscapeRight";
				LD_RUNPATH_SEARCH_PATHS = (
					"$(inherited)",
					"@executable_path/Frameworks",
				);
				MARKETING_VERSION = 1.0;
				PRODUCT_BUNDLE_IDENTIFIER = "com.-MammothTag.123.MammothTag";
				PRODUCT_NAME = "$(TARGET_NAME)";
				SWIFT_EMIT_LOC_STRINGS = YES;
				SWIFT_VERSION = 5.0;
				TARGETED_DEVICE_FAMILY = "1,2";
			};
			name = Debug;
		};
		A6FC616C28A02A0300756C74 /* Release */ = {
			isa = XCBuildConfiguration;
			buildSettings = {
				ASSETCATALOG_COMPILER_APPICON_NAME = AppIcon;
				ASSETCATALOG_COMPILER_GLOBAL_ACCENT_COLOR_NAME = AccentColor;
				CODE_SIGN_STYLE = Automatic;
				CURRENT_PROJECT_VERSION = 1;
				DEVELOPMENT_TEAM = DQLF6YUAM4;
				GENERATE_INFOPLIST_FILE = YES;
				INFOPLIST_FILE = MammothTag/Info.plist;
				INFOPLIST_KEY_UIApplicationSupportsIndirectInputEvents = YES;
				INFOPLIST_KEY_UILaunchStoryboardName = LaunchScreen;
				INFOPLIST_KEY_UIMainStoryboardFile = Main;
				INFOPLIST_KEY_UISupportedInterfaceOrientations_iPad = "UIInterfaceOrientationPortrait UIInterfaceOrientationPortraitUpsideDown UIInterfaceOrientationLandscapeLeft UIInterfaceOrientationLandscapeRight";
				INFOPLIST_KEY_UISupportedInterfaceOrientations_iPhone = "UIInterfaceOrientationPortrait UIInterfaceOrientationLandscapeLeft UIInterfaceOrientationLandscapeRight";
				LD_RUNPATH_SEARCH_PATHS = (
					"$(inherited)",
					"@executable_path/Frameworks",
				);
				MARKETING_VERSION = 1.0;
				PRODUCT_BUNDLE_IDENTIFIER = "com.-MammothTag.123.MammothTag";
				PRODUCT_NAME = "$(TARGET_NAME)";
				SWIFT_EMIT_LOC_STRINGS = YES;
				SWIFT_VERSION = 5.0;
				TARGETED_DEVICE_FAMILY = "1,2";
			};
			name = Release;
		};
		A6FC616E28A02A0300756C74 /* Debug */ = {
			isa = XCBuildConfiguration;
			buildSettings = {
				ALWAYS_EMBED_SWIFT_STANDARD_LIBRARIES = YES;
				BUNDLE_LOADER = "$(TEST_HOST)";
				CODE_SIGN_STYLE = Automatic;
				CURRENT_PROJECT_VERSION = 1;
				DEVELOPMENT_TEAM = DQLF6YUAM4;
				GENERATE_INFOPLIST_FILE = YES;
				IPHONEOS_DEPLOYMENT_TARGET = 15.4;
				MARKETING_VERSION = 1.0;
				PRODUCT_BUNDLE_IDENTIFIER = "com.-MammothTag.123.MammothTagTests";
				PRODUCT_NAME = "$(TARGET_NAME)";
				SWIFT_EMIT_LOC_STRINGS = NO;
				SWIFT_VERSION = 5.0;
				TARGETED_DEVICE_FAMILY = "1,2";
				TEST_HOST = "$(BUILT_PRODUCTS_DIR)/MammothTag.app/MammothTag";
			};
			name = Debug;
		};
		A6FC616F28A02A0300756C74 /* Release */ = {
			isa = XCBuildConfiguration;
			buildSettings = {
				ALWAYS_EMBED_SWIFT_STANDARD_LIBRARIES = YES;
				BUNDLE_LOADER = "$(TEST_HOST)";
				CODE_SIGN_STYLE = Automatic;
				CURRENT_PROJECT_VERSION = 1;
				DEVELOPMENT_TEAM = DQLF6YUAM4;
				GENERATE_INFOPLIST_FILE = YES;
				IPHONEOS_DEPLOYMENT_TARGET = 15.4;
				MARKETING_VERSION = 1.0;
				PRODUCT_BUNDLE_IDENTIFIER = "com.-MammothTag.123.MammothTagTests";
				PRODUCT_NAME = "$(TARGET_NAME)";
				SWIFT_EMIT_LOC_STRINGS = NO;
				SWIFT_VERSION = 5.0;
				TARGETED_DEVICE_FAMILY = "1,2";
				TEST_HOST = "$(BUILT_PRODUCTS_DIR)/MammothTag.app/MammothTag";
			};
			name = Release;
		};
		A6FC617128A02A0300756C74 /* Debug */ = {
			isa = XCBuildConfiguration;
			buildSettings = {
				ALWAYS_EMBED_SWIFT_STANDARD_LIBRARIES = YES;
				CODE_SIGN_STYLE = Automatic;
				CURRENT_PROJECT_VERSION = 1;
				DEVELOPMENT_TEAM = DQLF6YUAM4;
				GENERATE_INFOPLIST_FILE = YES;
				MARKETING_VERSION = 1.0;
				PRODUCT_BUNDLE_IDENTIFIER = "com.-MammothTag.123.MammothTagUITests";
				PRODUCT_NAME = "$(TARGET_NAME)";
				SWIFT_EMIT_LOC_STRINGS = NO;
				SWIFT_VERSION = 5.0;
				TARGETED_DEVICE_FAMILY = "1,2";
				TEST_TARGET_NAME = MammothTag;
			};
			name = Debug;
		};
		A6FC617228A02A0300756C74 /* Release */ = {
			isa = XCBuildConfiguration;
			buildSettings = {
				ALWAYS_EMBED_SWIFT_STANDARD_LIBRARIES = YES;
				CODE_SIGN_STYLE = Automatic;
				CURRENT_PROJECT_VERSION = 1;
				DEVELOPMENT_TEAM = DQLF6YUAM4;
				GENERATE_INFOPLIST_FILE = YES;
				MARKETING_VERSION = 1.0;
				PRODUCT_BUNDLE_IDENTIFIER = "com.-MammothTag.123.MammothTagUITests";
				PRODUCT_NAME = "$(TARGET_NAME)";
				SWIFT_EMIT_LOC_STRINGS = NO;
				SWIFT_VERSION = 5.0;
				TARGETED_DEVICE_FAMILY = "1,2";
				TEST_TARGET_NAME = MammothTag;
			};
			name = Release;
		};
/* End XCBuildConfiguration section */

/* Begin XCConfigurationList section */
		A6FC613B28A02A0100756C74 /* Build configuration list for PBXProject "MammothTag" */ = {
			isa = XCConfigurationList;
			buildConfigurations = (
				A6FC616828A02A0300756C74 /* Debug */,
				A6FC616928A02A0300756C74 /* Release */,
			);
			defaultConfigurationIsVisible = 0;
			defaultConfigurationName = Release;
		};
		A6FC616A28A02A0300756C74 /* Build configuration list for PBXNativeTarget "MammothTag" */ = {
			isa = XCConfigurationList;
			buildConfigurations = (
				A6FC616B28A02A0300756C74 /* Debug */,
				A6FC616C28A02A0300756C74 /* Release */,
			);
			defaultConfigurationIsVisible = 0;
			defaultConfigurationName = Release;
		};
		A6FC616D28A02A0300756C74 /* Build configuration list for PBXNativeTarget "MammothTagTests" */ = {
			isa = XCConfigurationList;
			buildConfigurations = (
				A6FC616E28A02A0300756C74 /* Debug */,
				A6FC616F28A02A0300756C74 /* Release */,
			);
			defaultConfigurationIsVisible = 0;
			defaultConfigurationName = Release;
		};
		A6FC617028A02A0300756C74 /* Build configuration list for PBXNativeTarget "MammothTagUITests" */ = {
			isa = XCConfigurationList;
			buildConfigurations = (
				A6FC617128A02A0300756C74 /* Debug */,
				A6FC617228A02A0300756C74 /* Release */,
			);
			defaultConfigurationIsVisible = 0;
			defaultConfigurationName = Release;
		};
/* End XCConfigurationList section */
	};
	rootObject = A6FC613828A02A0100756C74 /* Project object */;
}
